// !$*UTF8*$!
{
	archiveVersion = 1;
	classes = {
	};
	objectVersion = 46;
	objects = {

/* Begin PBXBuildFile section */
		388161D3EF6564CCD85BAAD8 /* Pods_ADSB_RadarUITests.framework in Frameworks */ = {isa = PBXBuildFile; fileRef = 875FB5C42B1259020CFE0755 /* Pods_ADSB_RadarUITests.framework */; };
		A228459121DCA04B007FC7AC /* ADSB_RadarTests_Array.swift in Sources */ = {isa = PBXBuildFile; fileRef = A228459021DCA04B007FC7AC /* ADSB_RadarTests_Array.swift */; };
		A22AA99921D6ED68002EFDAE /* AirdromeCommon.swift in Sources */ = {isa = PBXBuildFile; fileRef = A2D9EF7F1F24C92C00872689 /* AirdromeCommon.swift */; };
		A22AA99A21D6ED69002EFDAE /* AirdromeCommon.swift in Sources */ = {isa = PBXBuildFile; fileRef = A2D9EF7F1F24C92C00872689 /* AirdromeCommon.swift */; };
		A22AA99B21D6EF29002EFDAE /* Airport+CoreDataClass.swift in Sources */ = {isa = PBXBuildFile; fileRef = A2F0278D1F276BA50058E3A5 /* Airport+CoreDataClass.swift */; };
		A22AA99C21D6EF2A002EFDAE /* Airport+CoreDataClass.swift in Sources */ = {isa = PBXBuildFile; fileRef = A2F0278D1F276BA50058E3A5 /* Airport+CoreDataClass.swift */; };
		A22AA99D21D6EF2C002EFDAE /* Runway+CoreDataProperties.swift in Sources */ = {isa = PBXBuildFile; fileRef = A2F0278C1F276BA50058E3A5 /* Runway+CoreDataProperties.swift */; };
		A22AA99E21D6EF2D002EFDAE /* Runway+CoreDataProperties.swift in Sources */ = {isa = PBXBuildFile; fileRef = A2F0278C1F276BA50058E3A5 /* Runway+CoreDataProperties.swift */; };
		A22AA99F21D6EF2F002EFDAE /* Runway+CoreDataClass.swift in Sources */ = {isa = PBXBuildFile; fileRef = A2F0278B1F276BA50058E3A5 /* Runway+CoreDataClass.swift */; };
		A22AA9A021D6EF2F002EFDAE /* Runway+CoreDataClass.swift in Sources */ = {isa = PBXBuildFile; fileRef = A2F0278B1F276BA50058E3A5 /* Runway+CoreDataClass.swift */; };
		A22AA9A121D6EF31002EFDAE /* Airport+CoreDataProperties.swift in Sources */ = {isa = PBXBuildFile; fileRef = A2F0278E1F276BA50058E3A5 /* Airport+CoreDataProperties.swift */; };
		A22AA9A221D6EF31002EFDAE /* Airport+CoreDataProperties.swift in Sources */ = {isa = PBXBuildFile; fileRef = A2F0278E1F276BA50058E3A5 /* Airport+CoreDataProperties.swift */; };
		A22AA9A321D6EF36002EFDAE /* airport.xcdatamodeld in Sources */ = {isa = PBXBuildFile; fileRef = A2D9EF381F24A6E000872689 /* airport.xcdatamodeld */; };
		A22AA9A421D6EF36002EFDAE /* airport.xcdatamodeld in Sources */ = {isa = PBXBuildFile; fileRef = A2D9EF381F24A6E000872689 /* airport.xcdatamodeld */; };
		A22AA9A521D6EF3A002EFDAE /* airport.sqlite in Resources */ = {isa = PBXBuildFile; fileRef = A296DF4C1F3B366B003F060C /* airport.sqlite */; };
		A22AA9A621D6EF3B002EFDAE /* airport.sqlite in Resources */ = {isa = PBXBuildFile; fileRef = A296DF4C1F3B366B003F060C /* airport.sqlite */; };
		A22AA9A721D6EF3E002EFDAE /* airports.csv in Resources */ = {isa = PBXBuildFile; fileRef = A2D9EF811F24D43C00872689 /* airports.csv */; };
		A22AA9A821D6EF3E002EFDAE /* airports.csv in Resources */ = {isa = PBXBuildFile; fileRef = A2D9EF811F24D43C00872689 /* airports.csv */; };
		A22AA9A921D6EF41002EFDAE /* runways.csv in Resources */ = {isa = PBXBuildFile; fileRef = A2D9EF821F24D43C00872689 /* runways.csv */; };
		A22AA9AA21D6EF41002EFDAE /* runways.csv in Resources */ = {isa = PBXBuildFile; fileRef = A2D9EF821F24D43C00872689 /* runways.csv */; };
		A22AA9AB21D995BE002EFDAE /* String+Extensions.swift in Sources */ = {isa = PBXBuildFile; fileRef = A2703D421F0BBA1600A2C280 /* String+Extensions.swift */; };
		A22AA9AC21D995BF002EFDAE /* String+Extensions.swift in Sources */ = {isa = PBXBuildFile; fileRef = A2703D421F0BBA1600A2C280 /* String+Extensions.swift */; };
		A22AA9AD21D995CA002EFDAE /* String+UserLogin.swift in Sources */ = {isa = PBXBuildFile; fileRef = A2703D431F0BBA1600A2C280 /* String+UserLogin.swift */; };
		A22AA9AE21D995CB002EFDAE /* String+UserLogin.swift in Sources */ = {isa = PBXBuildFile; fileRef = A2703D431F0BBA1600A2C280 /* String+UserLogin.swift */; };
		A23683AB1F2AE74900376835 /* AirportNFZAssets.xcassets in Resources */ = {isa = PBXBuildFile; fileRef = A23683AA1F2AE74900376835 /* AirportNFZAssets.xcassets */; };
		A2436E2320440CE7009B5F03 /* AEAircraftsViewModel.swift in Sources */ = {isa = PBXBuildFile; fileRef = A2436E2220440CE7009B5F03 /* AEAircraftsViewModel.swift */; };
		A2436E2420440CE7009B5F03 /* AEAircraftsViewModel.swift in Sources */ = {isa = PBXBuildFile; fileRef = A2436E2220440CE7009B5F03 /* AEAircraftsViewModel.swift */; };
		A2436E2720441971009B5F03 /* Notifications.swift in Sources */ = {isa = PBXBuildFile; fileRef = A2436E2620441971009B5F03 /* Notifications.swift */; };
		A2436E2820441971009B5F03 /* Notifications.swift in Sources */ = {isa = PBXBuildFile; fileRef = A2436E2620441971009B5F03 /* Notifications.swift */; };
		A2436E2920441971009B5F03 /* Notifications.swift in Sources */ = {isa = PBXBuildFile; fileRef = A2436E2620441971009B5F03 /* Notifications.swift */; };
		A2436E2B20441F50009B5F03 /* GeofenceManager.swift in Sources */ = {isa = PBXBuildFile; fileRef = A2436E2A20441F50009B5F03 /* GeofenceManager.swift */; };
		A2436E2C20441F50009B5F03 /* GeofenceManager.swift in Sources */ = {isa = PBXBuildFile; fileRef = A2436E2A20441F50009B5F03 /* GeofenceManager.swift */; };
		A2436E2D20441F50009B5F03 /* GeofenceManager.swift in Sources */ = {isa = PBXBuildFile; fileRef = A2436E2A20441F50009B5F03 /* GeofenceManager.swift */; };
		A2436E2F204424E9009B5F03 /* Geotification.swift in Sources */ = {isa = PBXBuildFile; fileRef = A2436E2E204424E9009B5F03 /* Geotification.swift */; };
		A2436E30204424E9009B5F03 /* Geotification.swift in Sources */ = {isa = PBXBuildFile; fileRef = A2436E2E204424E9009B5F03 /* Geotification.swift */; };
		A2436E31204424E9009B5F03 /* Geotification.swift in Sources */ = {isa = PBXBuildFile; fileRef = A2436E2E204424E9009B5F03 /* Geotification.swift */; };
		A26C90C31F1325CC00FF9514 /* ARAssets.xcassets in Resources */ = {isa = PBXBuildFile; fileRef = A26C90C21F1325CC00FF9514 /* ARAssets.xcassets */; };
		A2703CA41F0B6A4E00A2C280 /* AppDelegate.swift in Sources */ = {isa = PBXBuildFile; fileRef = A2703CA31F0B6A4E00A2C280 /* AppDelegate.swift */; };
		A2703CA61F0B6A4E00A2C280 /* ViewController.swift in Sources */ = {isa = PBXBuildFile; fileRef = A2703CA51F0B6A4E00A2C280 /* ViewController.swift */; };
		A2703CA91F0B6A4E00A2C280 /* Main.storyboard in Resources */ = {isa = PBXBuildFile; fileRef = A2703CA71F0B6A4E00A2C280 /* Main.storyboard */; };
		A2703CAE1F0B6A4E00A2C280 /* Assets.xcassets in Resources */ = {isa = PBXBuildFile; fileRef = A2703CAD1F0B6A4E00A2C280 /* Assets.xcassets */; };
		A2703CB11F0B6A4E00A2C280 /* LaunchScreen.storyboard in Resources */ = {isa = PBXBuildFile; fileRef = A2703CAF1F0B6A4E00A2C280 /* LaunchScreen.storyboard */; };
		A2703CBC1F0B6A4E00A2C280 /* ADSBTests.swift in Sources */ = {isa = PBXBuildFile; fileRef = A2703CBB1F0B6A4E00A2C280 /* ADSBTests.swift */; };
		A2703CC71F0B6A4E00A2C280 /* ADSBUITests.swift in Sources */ = {isa = PBXBuildFile; fileRef = A2703CC61F0B6A4E00A2C280 /* ADSBUITests.swift */; };
		A2703D231F0BB7F700A2C280 /* ADS-B.storyboard in Resources */ = {isa = PBXBuildFile; fileRef = A2703D101F0BB7F700A2C280 /* ADS-B.storyboard */; };
		A2703D251F0BB7F700A2C280 /* ADSBAircraft.swift in Sources */ = {isa = PBXBuildFile; fileRef = A2703D131F0BB7F700A2C280 /* ADSBAircraft.swift */; };
		A2703D261F0BB7F700A2C280 /* ADSBAPIClient.swift in Sources */ = {isa = PBXBuildFile; fileRef = A2703D141F0BB7F700A2C280 /* ADSBAPIClient.swift */; };
		A2703D271F0BB7F700A2C280 /* ADSBCacheManager.swift in Sources */ = {isa = PBXBuildFile; fileRef = A2703D151F0BB7F700A2C280 /* ADSBCacheManager.swift */; };
		A2703D281F0BB7F700A2C280 /* ADSBCommon.swift in Sources */ = {isa = PBXBuildFile; fileRef = A2703D161F0BB7F700A2C280 /* ADSBCommon.swift */; };
		A2703D291F0BB7F700A2C280 /* ADSBDictKeys.swift in Sources */ = {isa = PBXBuildFile; fileRef = A2703D171F0BB7F700A2C280 /* ADSBDictKeys.swift */; };
		A2703D2B1F0BB7F700A2C280 /* ADSBXResponse.swift in Sources */ = {isa = PBXBuildFile; fileRef = A2703D1A1F0BB7F700A2C280 /* ADSBXResponse.swift */; };
		A2703D2E1F0BB7F700A2C280 /* ADSBAnnotation.swift in Sources */ = {isa = PBXBuildFile; fileRef = A2703D1D1F0BB7F700A2C280 /* ADSBAnnotation.swift */; };
		A2703D2F1F0BB7F700A2C280 /* ADSBAnnotationCalloutView.swift in Sources */ = {isa = PBXBuildFile; fileRef = A2703D1E1F0BB7F700A2C280 /* ADSBAnnotationCalloutView.swift */; };
		A2703D301F0BB7F700A2C280 /* ADSBAnnotationView.swift in Sources */ = {isa = PBXBuildFile; fileRef = A2703D1F1F0BB7F700A2C280 /* ADSBAnnotationView.swift */; };
		A2703D311F0BB7F700A2C280 /* ADSBAssets.xcassets in Resources */ = {isa = PBXBuildFile; fileRef = A2703D201F0BB7F700A2C280 /* ADSBAssets.xcassets */; };
		A2703D321F0BB7F700A2C280 /* ADSBCalloutView.swift in Sources */ = {isa = PBXBuildFile; fileRef = A2703D211F0BB7F700A2C280 /* ADSBCalloutView.swift */; };
		A2703D331F0BB7F700A2C280 /* ADSBMapView.swift in Sources */ = {isa = PBXBuildFile; fileRef = A2703D221F0BB7F700A2C280 /* ADSBMapView.swift */; };
		A2703D4E1F0BBA1600A2C280 /* CALayer+Extensions.swift in Sources */ = {isa = PBXBuildFile; fileRef = A2703D361F0BBA1600A2C280 /* CALayer+Extensions.swift */; };
		A2703D4F1F0BBA1600A2C280 /* CATextLayer+Frame.swift in Sources */ = {isa = PBXBuildFile; fileRef = A2703D371F0BBA1600A2C280 /* CATextLayer+Frame.swift */; };
		A2703D501F0BBA1600A2C280 /* CGFloat+Extensions.swift in Sources */ = {isa = PBXBuildFile; fileRef = A2703D391F0BBA1600A2C280 /* CGFloat+Extensions.swift */; };
		A2703D511F0BBA1600A2C280 /* CGRect+Resize.swift in Sources */ = {isa = PBXBuildFile; fileRef = A2703D3A1F0BBA1600A2C280 /* CGRect+Resize.swift */; };
		A2703D521F0BBA1600A2C280 /* CLLocation+Operator.swift in Sources */ = {isa = PBXBuildFile; fileRef = A2703D3C1F0BBA1600A2C280 /* CLLocation+Operator.swift */; };
		A2703D531F0BBA1600A2C280 /* Date+Utility.swift in Sources */ = {isa = PBXBuildFile; fileRef = A2703D3E1F0BBA1600A2C280 /* Date+Utility.swift */; };
		A2703D541F0BBA1600A2C280 /* Geometric.swift in Sources */ = {isa = PBXBuildFile; fileRef = A2703D401F0BBA1600A2C280 /* Geometric.swift */; };
		A2703D551F0BBA1600A2C280 /* String+Extensions.swift in Sources */ = {isa = PBXBuildFile; fileRef = A2703D421F0BBA1600A2C280 /* String+Extensions.swift */; };
		A2703D561F0BBA1600A2C280 /* String+UserLogin.swift in Sources */ = {isa = PBXBuildFile; fileRef = A2703D431F0BBA1600A2C280 /* String+UserLogin.swift */; };
		A2703D571F0BBA1600A2C280 /* UIColor+MoreColors.swift in Sources */ = {isa = PBXBuildFile; fileRef = A2703D451F0BBA1600A2C280 /* UIColor+MoreColors.swift */; };
		A2703D581F0BBA1600A2C280 /* UIColor+RGB.swift in Sources */ = {isa = PBXBuildFile; fileRef = A2703D461F0BBA1600A2C280 /* UIColor+RGB.swift */; };
		A2703D591F0BBA1600A2C280 /* UIControl+Closure.swift in Sources */ = {isa = PBXBuildFile; fileRef = A2703D481F0BBA1600A2C280 /* UIControl+Closure.swift */; };
		A2703D5A1F0BBA1600A2C280 /* UIImage+Mask.swift in Sources */ = {isa = PBXBuildFile; fileRef = A2703D4A1F0BBA1600A2C280 /* UIImage+Mask.swift */; };
		A2703D5B1F0BBA1600A2C280 /* UIImage+Movement.swift in Sources */ = {isa = PBXBuildFile; fileRef = A2703D4B1F0BBA1600A2C280 /* UIImage+Movement.swift */; };
		A2703D5C1F0BBA1600A2C280 /* UIViewController+Child.swift in Sources */ = {isa = PBXBuildFile; fileRef = A2703D4D1F0BBA1600A2C280 /* UIViewController+Child.swift */; };
		A2703D5E1F0BBB5100A2C280 /* CoreLocation.framework in Frameworks */ = {isa = PBXBuildFile; fileRef = A2703D5D1F0BBB5100A2C280 /* CoreLocation.framework */; };
		A2703D601F0BBB5B00A2C280 /* MapKit.framework in Frameworks */ = {isa = PBXBuildFile; fileRef = A2703D5F1F0BBB5B00A2C280 /* MapKit.framework */; };
		A2703D621F0BBB6400A2C280 /* CoreMotion.framework in Frameworks */ = {isa = PBXBuildFile; fileRef = A2703D611F0BBB6400A2C280 /* CoreMotion.framework */; };
		A2703D641F0BCFEC00A2C280 /* ADSBAeroChartViewController.swift in Sources */ = {isa = PBXBuildFile; fileRef = A2703D631F0BCFEC00A2C280 /* ADSBAeroChartViewController.swift */; };
		A27E88F42039A36D000DB52D /* AEResponse.json in Resources */ = {isa = PBXBuildFile; fileRef = A27E88F32039A36D000DB52D /* AEResponse.json */; };
		A27E88F52039A36D000DB52D /* AEResponse.json in Resources */ = {isa = PBXBuildFile; fileRef = A27E88F32039A36D000DB52D /* AEResponse.json */; };
		A27E88F62039A36D000DB52D /* AEResponse.json in Resources */ = {isa = PBXBuildFile; fileRef = A27E88F32039A36D000DB52D /* AEResponse.json */; };
		A27E88F82039A387000DB52D /* AEResponseFail.json in Resources */ = {isa = PBXBuildFile; fileRef = A27E88F72039A387000DB52D /* AEResponseFail.json */; };
		A27E88F92039A387000DB52D /* AEResponseFail.json in Resources */ = {isa = PBXBuildFile; fileRef = A27E88F72039A387000DB52D /* AEResponseFail.json */; };
		A27E88FA2039A387000DB52D /* AEResponseFail.json in Resources */ = {isa = PBXBuildFile; fileRef = A27E88F72039A387000DB52D /* AEResponseFail.json */; };
		A296DF4D1F3B390F003F060C /* airport.sqlite in Resources */ = {isa = PBXBuildFile; fileRef = A296DF4C1F3B366B003F060C /* airport.sqlite */; };
		A296DF4F1F3B3D59003F060C /* MKMapView+Airport.swift in Sources */ = {isa = PBXBuildFile; fileRef = A296DF4E1F3B3D59003F060C /* MKMapView+Airport.swift */; };
		A2A5D8A52175638900A92892 /* DarkSky.swift in Sources */ = {isa = PBXBuildFile; fileRef = A2A5D8A42175638800A92892 /* DarkSky.swift */; };
		A2A5D8A62175638900A92892 /* DarkSky.swift in Sources */ = {isa = PBXBuildFile; fileRef = A2A5D8A42175638800A92892 /* DarkSky.swift */; };
		A2A5D8A72175638900A92892 /* DarkSky.swift in Sources */ = {isa = PBXBuildFile; fileRef = A2A5D8A42175638800A92892 /* DarkSky.swift */; };
		A2A8A2A920480D3600B462F0 /* DSWeatherViewModel.swift in Sources */ = {isa = PBXBuildFile; fileRef = A2A8A2A820480D3600B462F0 /* DSWeatherViewModel.swift */; };
		A2A8A2AC204825E400B462F0 /* Aircraft.swift in Sources */ = {isa = PBXBuildFile; fileRef = A2AB5063202F357B007E07AB /* Aircraft.swift */; };
		A2A8A2AD204825E400B462F0 /* Aircraft.swift in Sources */ = {isa = PBXBuildFile; fileRef = A2AB5063202F357B007E07AB /* Aircraft.swift */; };
		A2A8A2AE204825E900B462F0 /* Feeds.swift in Sources */ = {isa = PBXBuildFile; fileRef = A2AB5064202F357B007E07AB /* Feeds.swift */; };
		A2A8A2AF204825E900B462F0 /* Feeds.swift in Sources */ = {isa = PBXBuildFile; fileRef = A2AB5064202F357B007E07AB /* Feeds.swift */; };
		A2A8A2B02048265100B462F0 /* ApiService.swift in Sources */ = {isa = PBXBuildFile; fileRef = A2AB505E202F31E1007E07AB /* ApiService.swift */; };
		A2A8A2B12048265200B462F0 /* ApiService.swift in Sources */ = {isa = PBXBuildFile; fileRef = A2AB505E202F31E1007E07AB /* ApiService.swift */; };
		A2A8A2B22048265500B462F0 /* ApiClient.swift in Sources */ = {isa = PBXBuildFile; fileRef = A2AB506920306D7C007E07AB /* ApiClient.swift */; };
		A2A8A2B32048265500B462F0 /* ApiClient.swift in Sources */ = {isa = PBXBuildFile; fileRef = A2AB506920306D7C007E07AB /* ApiClient.swift */; };
		A2A8A2B42048268000B462F0 /* AEResponse.swift in Sources */ = {isa = PBXBuildFile; fileRef = A2AB5065202F357C007E07AB /* AEResponse.swift */; };
		A2A8A2B52048268600B462F0 /* AEResponse.swift in Sources */ = {isa = PBXBuildFile; fileRef = A2AB5065202F357C007E07AB /* AEResponse.swift */; };
		A2A8A2B6204826C900B462F0 /* AppDelegate.swift in Sources */ = {isa = PBXBuildFile; fileRef = A2703CA31F0B6A4E00A2C280 /* AppDelegate.swift */; };
		A2A8A2B7204826C900B462F0 /* AppDelegate.swift in Sources */ = {isa = PBXBuildFile; fileRef = A2703CA31F0B6A4E00A2C280 /* AppDelegate.swift */; };
		A2A8A2C820482EA500B462F0 /* DSResponseEmpty.json in Resources */ = {isa = PBXBuildFile; fileRef = A2A8A2C620482EA400B462F0 /* DSResponseEmpty.json */; };
		A2A8A2C920482EA500B462F0 /* DSResponseEmpty.json in Resources */ = {isa = PBXBuildFile; fileRef = A2A8A2C620482EA400B462F0 /* DSResponseEmpty.json */; };
		A2A8A2CA20482EA500B462F0 /* DSResponseEmpty.json in Resources */ = {isa = PBXBuildFile; fileRef = A2A8A2C620482EA400B462F0 /* DSResponseEmpty.json */; };
		A2A8A2CB20482EA500B462F0 /* DSResponse.json in Resources */ = {isa = PBXBuildFile; fileRef = A2A8A2C720482EA400B462F0 /* DSResponse.json */; };
		A2A8A2CC20482EA500B462F0 /* DSResponse.json in Resources */ = {isa = PBXBuildFile; fileRef = A2A8A2C720482EA400B462F0 /* DSResponse.json */; };
		A2A8A2CD20482EA500B462F0 /* DSResponse.json in Resources */ = {isa = PBXBuildFile; fileRef = A2A8A2C720482EA400B462F0 /* DSResponse.json */; };
		A2AB505F202F31E1007E07AB /* ApiService.swift in Sources */ = {isa = PBXBuildFile; fileRef = A2AB505E202F31E1007E07AB /* ApiService.swift */; };
		A2AB5066202F357C007E07AB /* Aircraft.swift in Sources */ = {isa = PBXBuildFile; fileRef = A2AB5063202F357B007E07AB /* Aircraft.swift */; };
		A2AB5067202F357C007E07AB /* Feeds.swift in Sources */ = {isa = PBXBuildFile; fileRef = A2AB5064202F357B007E07AB /* Feeds.swift */; };
		A2AB5068202F357C007E07AB /* AEResponse.swift in Sources */ = {isa = PBXBuildFile; fileRef = A2AB5065202F357C007E07AB /* AEResponse.swift */; };
		A2AB506A20306D7C007E07AB /* ApiClient.swift in Sources */ = {isa = PBXBuildFile; fileRef = A2AB506920306D7C007E07AB /* ApiClient.swift */; };
		A2D9EF3A1F24A6E000872689 /* airport.xcdatamodeld in Sources */ = {isa = PBXBuildFile; fileRef = A2D9EF381F24A6E000872689 /* airport.xcdatamodeld */; };
		A2D9EF801F24C92C00872689 /* AirdromeCommon.swift in Sources */ = {isa = PBXBuildFile; fileRef = A2D9EF7F1F24C92C00872689 /* AirdromeCommon.swift */; };
		A2D9EF831F24D43C00872689 /* airports.csv in Resources */ = {isa = PBXBuildFile; fileRef = A2D9EF811F24D43C00872689 /* airports.csv */; };
		A2D9EF841F24D43C00872689 /* runways.csv in Resources */ = {isa = PBXBuildFile; fileRef = A2D9EF821F24D43C00872689 /* runways.csv */; };
		A2E217841F13929900E96747 /* AnnotationView.swift in Sources */ = {isa = PBXBuildFile; fileRef = A2E2177E1F13929900E96747 /* AnnotationView.swift */; };
		A2E217851F13929900E96747 /* ARGeoCoordinate.swift in Sources */ = {isa = PBXBuildFile; fileRef = A2E2177F1F13929900E96747 /* ARGeoCoordinate.swift */; };
		A2E217861F13929900E96747 /* FlightBubbleV1.swift in Sources */ = {isa = PBXBuildFile; fileRef = A2E217801F13929900E96747 /* FlightBubbleV1.swift */; };
		A2E217871F13929900E96747 /* FlightBubbleV1.xib in Resources */ = {isa = PBXBuildFile; fileRef = A2E217811F13929900E96747 /* FlightBubbleV1.xib */; };
		A2E217881F13929900E96747 /* FlightCalloutView.swift in Sources */ = {isa = PBXBuildFile; fileRef = A2E217821F13929900E96747 /* FlightCalloutView.swift */; };
		A2E217891F13929900E96747 /* FlightCalloutView.xib in Resources */ = {isa = PBXBuildFile; fileRef = A2E217831F13929900E96747 /* FlightCalloutView.xib */; };
		A2E217911F13947200E96747 /* ARAnnotationView.swift in Sources */ = {isa = PBXBuildFile; fileRef = A2E2178C1F13947200E96747 /* ARAnnotationView.swift */; };
		A2E217921F13947200E96747 /* ARConfiguration.swift in Sources */ = {isa = PBXBuildFile; fileRef = A2E2178D1F13947200E96747 /* ARConfiguration.swift */; };
		A2E217931F13947200E96747 /* ARTrackingManager.swift in Sources */ = {isa = PBXBuildFile; fileRef = A2E2178E1F13947200E96747 /* ARTrackingManager.swift */; };
		A2E217941F13947200E96747 /* ARViewController.swift in Sources */ = {isa = PBXBuildFile; fileRef = A2E2178F1F13947200E96747 /* ARViewController.swift */; };
		A2ED007721DA4525009B2C37 /* Collection+Extensions.swift in Sources */ = {isa = PBXBuildFile; fileRef = A2ED007621DA4525009B2C37 /* Collection+Extensions.swift */; };
		A2ED007821DB6DD1009B2C37 /* Collection+Extensions.swift in Sources */ = {isa = PBXBuildFile; fileRef = A2ED007621DA4525009B2C37 /* Collection+Extensions.swift */; };
		A2ED007921DB6DD2009B2C37 /* Collection+Extensions.swift in Sources */ = {isa = PBXBuildFile; fileRef = A2ED007621DA4525009B2C37 /* Collection+Extensions.swift */; };
		A2F0278F1F276BA50058E3A5 /* Runway+CoreDataClass.swift in Sources */ = {isa = PBXBuildFile; fileRef = A2F0278B1F276BA50058E3A5 /* Runway+CoreDataClass.swift */; };
		A2F027901F276BA50058E3A5 /* Runway+CoreDataProperties.swift in Sources */ = {isa = PBXBuildFile; fileRef = A2F0278C1F276BA50058E3A5 /* Runway+CoreDataProperties.swift */; };
		A2F027911F276BA50058E3A5 /* Airport+CoreDataClass.swift in Sources */ = {isa = PBXBuildFile; fileRef = A2F0278D1F276BA50058E3A5 /* Airport+CoreDataClass.swift */; };
		A2F027921F276BA50058E3A5 /* Airport+CoreDataProperties.swift in Sources */ = {isa = PBXBuildFile; fileRef = A2F0278E1F276BA50058E3A5 /* Airport+CoreDataProperties.swift */; };
		A2F027971F28417C0058E3A5 /* airportAnnotationView.swift in Sources */ = {isa = PBXBuildFile; fileRef = A2F027961F28417C0058E3A5 /* airportAnnotationView.swift */; };
		A2F027991F2846BE0058E3A5 /* airportAnnotation.swift in Sources */ = {isa = PBXBuildFile; fileRef = A2F027981F2846BE0058E3A5 /* airportAnnotation.swift */; };
		A2F17BB11F258088008861C4 /* Scanner+.swift in Sources */ = {isa = PBXBuildFile; fileRef = A2F17BB01F258088008861C4 /* Scanner+.swift */; };
		A2FBFF65218C5253007A61D6 /* MockApiClient.swift in Sources */ = {isa = PBXBuildFile; fileRef = A2FBFF64218C5253007A61D6 /* MockApiClient.swift */; };
		A2FBFF68218F211F007A61D6 /* RadarMapViewController.swift in Sources */ = {isa = PBXBuildFile; fileRef = A2FBFF67218F211F007A61D6 /* RadarMapViewController.swift */; };
		A2FBFF6A218F21B5007A61D6 /* AdsbARViewController.swift in Sources */ = {isa = PBXBuildFile; fileRef = A2FBFF69218F21B5007A61D6 /* AdsbARViewController.swift */; };
		A2FBFF6C218F21D5007A61D6 /* RadarMapViewModel.swift in Sources */ = {isa = PBXBuildFile; fileRef = A2FBFF6B218F21D5007A61D6 /* RadarMapViewModel.swift */; };
		A2FBFF6E218F21FF007A61D6 /* ARViewModel.swift in Sources */ = {isa = PBXBuildFile; fileRef = A2FBFF6D218F21FF007A61D6 /* ARViewModel.swift */; };
		A2FBFF7221915F76007A61D6 /* AdsbExchangeViewModeling.swift in Sources */ = {isa = PBXBuildFile; fileRef = A2FBFF7121915F76007A61D6 /* AdsbExchangeViewModeling.swift */; };
		A402B2AB20D44D1147268C09 /* Pods_ADSB_Radar.framework in Frameworks */ = {isa = PBXBuildFile; fileRef = 53FDA4AF82A011808E4BEF9A /* Pods_ADSB_Radar.framework */; };
		F0DA60D10AF6E216ED98C6D1 /* Pods_ADSB_RadarTests.framework in Frameworks */ = {isa = PBXBuildFile; fileRef = ADDD430C1AB8E01E5FC02230 /* Pods_ADSB_RadarTests.framework */; };
/* End PBXBuildFile section */

/* Begin PBXContainerItemProxy section */
		A228459321DCA04B007FC7AC /* PBXContainerItemProxy */ = {
			isa = PBXContainerItemProxy;
			containerPortal = A2703C981F0B6A4E00A2C280 /* Project object */;
			proxyType = 1;
			remoteGlobalIDString = A2703C9F1F0B6A4E00A2C280;
			remoteInfo = "ADSB Radar";
		};
		A2703CB81F0B6A4E00A2C280 /* PBXContainerItemProxy */ = {
			isa = PBXContainerItemProxy;
			containerPortal = A2703C981F0B6A4E00A2C280 /* Project object */;
			proxyType = 1;
			remoteGlobalIDString = A2703C9F1F0B6A4E00A2C280;
			remoteInfo = ADSB;
		};
		A2703CC31F0B6A4E00A2C280 /* PBXContainerItemProxy */ = {
			isa = PBXContainerItemProxy;
			containerPortal = A2703C981F0B6A4E00A2C280 /* Project object */;
			proxyType = 1;
			remoteGlobalIDString = A2703C9F1F0B6A4E00A2C280;
			remoteInfo = ADSB;
		};
/* End PBXContainerItemProxy section */

/* Begin PBXFileReference section */
		29F62AAF9E77F402382D2471 /* Pods-ADSB RadarTests.release.xcconfig */ = {isa = PBXFileReference; includeInIndex = 1; lastKnownFileType = text.xcconfig; name = "Pods-ADSB RadarTests.release.xcconfig"; path = "Pods/Target Support Files/Pods-ADSB RadarTests/Pods-ADSB RadarTests.release.xcconfig"; sourceTree = "<group>"; };
		33C21DE9D584300F6A67CEAB /* Pods-ADSB RadarUITests.release.xcconfig */ = {isa = PBXFileReference; includeInIndex = 1; lastKnownFileType = text.xcconfig; name = "Pods-ADSB RadarUITests.release.xcconfig"; path = "Pods/Target Support Files/Pods-ADSB RadarUITests/Pods-ADSB RadarUITests.release.xcconfig"; sourceTree = "<group>"; };
		3DA6EECE855CCC0A77EF118A /* Pods-ADSB Radar.release.xcconfig */ = {isa = PBXFileReference; includeInIndex = 1; lastKnownFileType = text.xcconfig; name = "Pods-ADSB Radar.release.xcconfig"; path = "Pods/Target Support Files/Pods-ADSB Radar/Pods-ADSB Radar.release.xcconfig"; sourceTree = "<group>"; };
		53FDA4AF82A011808E4BEF9A /* Pods_ADSB_Radar.framework */ = {isa = PBXFileReference; explicitFileType = wrapper.framework; includeInIndex = 0; path = Pods_ADSB_Radar.framework; sourceTree = BUILT_PRODUCTS_DIR; };
		7EB3C82610B56653FD17FD59 /* Pods-ADSB Radar.debug.xcconfig */ = {isa = PBXFileReference; includeInIndex = 1; lastKnownFileType = text.xcconfig; name = "Pods-ADSB Radar.debug.xcconfig"; path = "Pods/Target Support Files/Pods-ADSB Radar/Pods-ADSB Radar.debug.xcconfig"; sourceTree = "<group>"; };
		845EC6DF40E87B71D9A9AD4A /* Pods-ADSB RadarUITests.debug.xcconfig */ = {isa = PBXFileReference; includeInIndex = 1; lastKnownFileType = text.xcconfig; name = "Pods-ADSB RadarUITests.debug.xcconfig"; path = "Pods/Target Support Files/Pods-ADSB RadarUITests/Pods-ADSB RadarUITests.debug.xcconfig"; sourceTree = "<group>"; };
		875FB5C42B1259020CFE0755 /* Pods_ADSB_RadarUITests.framework */ = {isa = PBXFileReference; explicitFileType = wrapper.framework; includeInIndex = 0; path = Pods_ADSB_RadarUITests.framework; sourceTree = BUILT_PRODUCTS_DIR; };
		A228458E21DCA04B007FC7AC /* ADSB RadarTests Array.xctest */ = {isa = PBXFileReference; explicitFileType = wrapper.cfbundle; includeInIndex = 0; path = "ADSB RadarTests Array.xctest"; sourceTree = BUILT_PRODUCTS_DIR; };
		A228459021DCA04B007FC7AC /* ADSB_RadarTests_Array.swift */ = {isa = PBXFileReference; lastKnownFileType = sourcecode.swift; path = ADSB_RadarTests_Array.swift; sourceTree = "<group>"; };
		A228459221DCA04B007FC7AC /* Info.plist */ = {isa = PBXFileReference; lastKnownFileType = text.plist.xml; path = Info.plist; sourceTree = "<group>"; };
		A23683AA1F2AE74900376835 /* AirportNFZAssets.xcassets */ = {isa = PBXFileReference; lastKnownFileType = folder.assetcatalog; name = AirportNFZAssets.xcassets; path = ADSB/AirportModule/AirportNFZAssets.xcassets; sourceTree = SOURCE_ROOT; };
		A2436E2220440CE7009B5F03 /* AEAircraftsViewModel.swift */ = {isa = PBXFileReference; lastKnownFileType = sourcecode.swift; path = AEAircraftsViewModel.swift; sourceTree = "<group>"; };
		A2436E2620441971009B5F03 /* Notifications.swift */ = {isa = PBXFileReference; lastKnownFileType = sourcecode.swift; path = Notifications.swift; sourceTree = "<group>"; };
		A2436E2A20441F50009B5F03 /* GeofenceManager.swift */ = {isa = PBXFileReference; lastKnownFileType = sourcecode.swift; path = GeofenceManager.swift; sourceTree = "<group>"; };
		A2436E2E204424E9009B5F03 /* Geotification.swift */ = {isa = PBXFileReference; fileEncoding = 4; lastKnownFileType = sourcecode.swift; path = Geotification.swift; sourceTree = "<group>"; };
		A26C90C21F1325CC00FF9514 /* ARAssets.xcassets */ = {isa = PBXFileReference; lastKnownFileType = folder.assetcatalog; path = ARAssets.xcassets; sourceTree = "<group>"; };
		A2703CA01F0B6A4E00A2C280 /* ADSB Radar.app */ = {isa = PBXFileReference; explicitFileType = wrapper.application; includeInIndex = 0; path = "ADSB Radar.app"; sourceTree = BUILT_PRODUCTS_DIR; };
		A2703CA31F0B6A4E00A2C280 /* AppDelegate.swift */ = {isa = PBXFileReference; lastKnownFileType = sourcecode.swift; path = AppDelegate.swift; sourceTree = "<group>"; };
		A2703CA51F0B6A4E00A2C280 /* ViewController.swift */ = {isa = PBXFileReference; lastKnownFileType = sourcecode.swift; path = ViewController.swift; sourceTree = "<group>"; };
		A2703CA81F0B6A4E00A2C280 /* Base */ = {isa = PBXFileReference; lastKnownFileType = file.storyboard; name = Base; path = Base.lproj/Main.storyboard; sourceTree = "<group>"; };
		A2703CAD1F0B6A4E00A2C280 /* Assets.xcassets */ = {isa = PBXFileReference; lastKnownFileType = folder.assetcatalog; path = Assets.xcassets; sourceTree = "<group>"; };
		A2703CB01F0B6A4E00A2C280 /* Base */ = {isa = PBXFileReference; lastKnownFileType = file.storyboard; name = Base; path = Base.lproj/LaunchScreen.storyboard; sourceTree = "<group>"; };
		A2703CB21F0B6A4E00A2C280 /* Info.plist */ = {isa = PBXFileReference; lastKnownFileType = text.plist.xml; path = Info.plist; sourceTree = "<group>"; };
		A2703CB71F0B6A4E00A2C280 /* ADSB RadarTests.xctest */ = {isa = PBXFileReference; explicitFileType = wrapper.cfbundle; includeInIndex = 0; path = "ADSB RadarTests.xctest"; sourceTree = BUILT_PRODUCTS_DIR; };
		A2703CBB1F0B6A4E00A2C280 /* ADSBTests.swift */ = {isa = PBXFileReference; lastKnownFileType = sourcecode.swift; path = ADSBTests.swift; sourceTree = "<group>"; };
		A2703CBD1F0B6A4E00A2C280 /* Info.plist */ = {isa = PBXFileReference; lastKnownFileType = text.plist.xml; path = Info.plist; sourceTree = "<group>"; };
		A2703CC21F0B6A4E00A2C280 /* ADSB RadarUITests.xctest */ = {isa = PBXFileReference; explicitFileType = wrapper.cfbundle; includeInIndex = 0; path = "ADSB RadarUITests.xctest"; sourceTree = BUILT_PRODUCTS_DIR; };
		A2703CC61F0B6A4E00A2C280 /* ADSBUITests.swift */ = {isa = PBXFileReference; lastKnownFileType = sourcecode.swift; path = ADSBUITests.swift; sourceTree = "<group>"; };
		A2703CC81F0B6A4E00A2C280 /* Info.plist */ = {isa = PBXFileReference; lastKnownFileType = text.plist.xml; path = Info.plist; sourceTree = "<group>"; };
		A2703D101F0BB7F700A2C280 /* ADS-B.storyboard */ = {isa = PBXFileReference; fileEncoding = 4; lastKnownFileType = file.storyboard; path = "ADS-B.storyboard"; sourceTree = "<group>"; };
		A2703D131F0BB7F700A2C280 /* ADSBAircraft.swift */ = {isa = PBXFileReference; fileEncoding = 4; lastKnownFileType = sourcecode.swift; path = ADSBAircraft.swift; sourceTree = "<group>"; };
		A2703D141F0BB7F700A2C280 /* ADSBAPIClient.swift */ = {isa = PBXFileReference; fileEncoding = 4; lastKnownFileType = sourcecode.swift; path = ADSBAPIClient.swift; sourceTree = "<group>"; };
		A2703D151F0BB7F700A2C280 /* ADSBCacheManager.swift */ = {isa = PBXFileReference; fileEncoding = 4; lastKnownFileType = sourcecode.swift; path = ADSBCacheManager.swift; sourceTree = "<group>"; };
		A2703D161F0BB7F700A2C280 /* ADSBCommon.swift */ = {isa = PBXFileReference; fileEncoding = 4; lastKnownFileType = sourcecode.swift; path = ADSBCommon.swift; sourceTree = "<group>"; };
		A2703D171F0BB7F700A2C280 /* ADSBDictKeys.swift */ = {isa = PBXFileReference; fileEncoding = 4; lastKnownFileType = sourcecode.swift; path = ADSBDictKeys.swift; sourceTree = "<group>"; };
		A2703D1A1F0BB7F700A2C280 /* ADSBXResponse.swift */ = {isa = PBXFileReference; fileEncoding = 4; lastKnownFileType = sourcecode.swift; path = ADSBXResponse.swift; sourceTree = "<group>"; };
		A2703D1D1F0BB7F700A2C280 /* ADSBAnnotation.swift */ = {isa = PBXFileReference; fileEncoding = 4; lastKnownFileType = sourcecode.swift; path = ADSBAnnotation.swift; sourceTree = "<group>"; };
		A2703D1E1F0BB7F700A2C280 /* ADSBAnnotationCalloutView.swift */ = {isa = PBXFileReference; fileEncoding = 4; lastKnownFileType = sourcecode.swift; path = ADSBAnnotationCalloutView.swift; sourceTree = "<group>"; };
		A2703D1F1F0BB7F700A2C280 /* ADSBAnnotationView.swift */ = {isa = PBXFileReference; fileEncoding = 4; lastKnownFileType = sourcecode.swift; path = ADSBAnnotationView.swift; sourceTree = "<group>"; };
		A2703D201F0BB7F700A2C280 /* ADSBAssets.xcassets */ = {isa = PBXFileReference; lastKnownFileType = folder.assetcatalog; name = ADSBAssets.xcassets; path = ADSB/ADSBModule/ADSBAssets.xcassets; sourceTree = SOURCE_ROOT; };
		A2703D211F0BB7F700A2C280 /* ADSBCalloutView.swift */ = {isa = PBXFileReference; fileEncoding = 4; lastKnownFileType = sourcecode.swift; path = ADSBCalloutView.swift; sourceTree = "<group>"; };
		A2703D221F0BB7F700A2C280 /* ADSBMapView.swift */ = {isa = PBXFileReference; fileEncoding = 4; lastKnownFileType = sourcecode.swift; path = ADSBMapView.swift; sourceTree = "<group>"; };
		A2703D361F0BBA1600A2C280 /* CALayer+Extensions.swift */ = {isa = PBXFileReference; fileEncoding = 4; lastKnownFileType = sourcecode.swift; path = "CALayer+Extensions.swift"; sourceTree = "<group>"; };
		A2703D371F0BBA1600A2C280 /* CATextLayer+Frame.swift */ = {isa = PBXFileReference; fileEncoding = 4; lastKnownFileType = sourcecode.swift; path = "CATextLayer+Frame.swift"; sourceTree = "<group>"; };
		A2703D391F0BBA1600A2C280 /* CGFloat+Extensions.swift */ = {isa = PBXFileReference; fileEncoding = 4; lastKnownFileType = sourcecode.swift; path = "CGFloat+Extensions.swift"; sourceTree = "<group>"; };
		A2703D3A1F0BBA1600A2C280 /* CGRect+Resize.swift */ = {isa = PBXFileReference; fileEncoding = 4; lastKnownFileType = sourcecode.swift; path = "CGRect+Resize.swift"; sourceTree = "<group>"; };
		A2703D3C1F0BBA1600A2C280 /* CLLocation+Operator.swift */ = {isa = PBXFileReference; fileEncoding = 4; lastKnownFileType = sourcecode.swift; path = "CLLocation+Operator.swift"; sourceTree = "<group>"; };
		A2703D3E1F0BBA1600A2C280 /* Date+Utility.swift */ = {isa = PBXFileReference; fileEncoding = 4; lastKnownFileType = sourcecode.swift; path = "Date+Utility.swift"; sourceTree = "<group>"; };
		A2703D401F0BBA1600A2C280 /* Geometric.swift */ = {isa = PBXFileReference; fileEncoding = 4; lastKnownFileType = sourcecode.swift; path = Geometric.swift; sourceTree = "<group>"; };
		A2703D421F0BBA1600A2C280 /* String+Extensions.swift */ = {isa = PBXFileReference; fileEncoding = 4; lastKnownFileType = sourcecode.swift; path = "String+Extensions.swift"; sourceTree = "<group>"; };
		A2703D431F0BBA1600A2C280 /* String+UserLogin.swift */ = {isa = PBXFileReference; fileEncoding = 4; lastKnownFileType = sourcecode.swift; path = "String+UserLogin.swift"; sourceTree = "<group>"; };
		A2703D451F0BBA1600A2C280 /* UIColor+MoreColors.swift */ = {isa = PBXFileReference; fileEncoding = 4; lastKnownFileType = sourcecode.swift; path = "UIColor+MoreColors.swift"; sourceTree = "<group>"; };
		A2703D461F0BBA1600A2C280 /* UIColor+RGB.swift */ = {isa = PBXFileReference; fileEncoding = 4; lastKnownFileType = sourcecode.swift; path = "UIColor+RGB.swift"; sourceTree = "<group>"; };
		A2703D481F0BBA1600A2C280 /* UIControl+Closure.swift */ = {isa = PBXFileReference; fileEncoding = 4; lastKnownFileType = sourcecode.swift; path = "UIControl+Closure.swift"; sourceTree = "<group>"; };
		A2703D4A1F0BBA1600A2C280 /* UIImage+Mask.swift */ = {isa = PBXFileReference; fileEncoding = 4; lastKnownFileType = sourcecode.swift; path = "UIImage+Mask.swift"; sourceTree = "<group>"; };
		A2703D4B1F0BBA1600A2C280 /* UIImage+Movement.swift */ = {isa = PBXFileReference; fileEncoding = 4; lastKnownFileType = sourcecode.swift; path = "UIImage+Movement.swift"; sourceTree = "<group>"; };
		A2703D4D1F0BBA1600A2C280 /* UIViewController+Child.swift */ = {isa = PBXFileReference; fileEncoding = 4; lastKnownFileType = sourcecode.swift; path = "UIViewController+Child.swift"; sourceTree = "<group>"; };
		A2703D5D1F0BBB5100A2C280 /* CoreLocation.framework */ = {isa = PBXFileReference; lastKnownFileType = wrapper.framework; name = CoreLocation.framework; path = System/Library/Frameworks/CoreLocation.framework; sourceTree = SDKROOT; };
		A2703D5F1F0BBB5B00A2C280 /* MapKit.framework */ = {isa = PBXFileReference; lastKnownFileType = wrapper.framework; name = MapKit.framework; path = System/Library/Frameworks/MapKit.framework; sourceTree = SDKROOT; };
		A2703D611F0BBB6400A2C280 /* CoreMotion.framework */ = {isa = PBXFileReference; lastKnownFileType = wrapper.framework; name = CoreMotion.framework; path = System/Library/Frameworks/CoreMotion.framework; sourceTree = SDKROOT; };
		A2703D631F0BCFEC00A2C280 /* ADSBAeroChartViewController.swift */ = {isa = PBXFileReference; fileEncoding = 4; lastKnownFileType = sourcecode.swift; name = ADSBAeroChartViewController.swift; path = ADSBModule/ADSBAeroChartViewController.swift; sourceTree = "<group>"; };
		A27E88F32039A36D000DB52D /* AEResponse.json */ = {isa = PBXFileReference; lastKnownFileType = text.json; path = AEResponse.json; sourceTree = "<group>"; };
		A27E88F72039A387000DB52D /* AEResponseFail.json */ = {isa = PBXFileReference; lastKnownFileType = text.json; path = AEResponseFail.json; sourceTree = "<group>"; };
		A296DF4C1F3B366B003F060C /* airport.sqlite */ = {isa = PBXFileReference; lastKnownFileType = file; path = airport.sqlite; sourceTree = "<group>"; };
		A296DF4E1F3B3D59003F060C /* MKMapView+Airport.swift */ = {isa = PBXFileReference; lastKnownFileType = sourcecode.swift; path = "MKMapView+Airport.swift"; sourceTree = "<group>"; };
		A2A5D8A42175638800A92892 /* DarkSky.swift */ = {isa = PBXFileReference; fileEncoding = 4; lastKnownFileType = sourcecode.swift; path = DarkSky.swift; sourceTree = "<group>"; };
		A2A8A2A820480D3600B462F0 /* DSWeatherViewModel.swift */ = {isa = PBXFileReference; lastKnownFileType = sourcecode.swift; path = DSWeatherViewModel.swift; sourceTree = "<group>"; };
		A2A8A2C620482EA400B462F0 /* DSResponseEmpty.json */ = {isa = PBXFileReference; fileEncoding = 4; lastKnownFileType = text.json; path = DSResponseEmpty.json; sourceTree = "<group>"; };
		A2A8A2C720482EA400B462F0 /* DSResponse.json */ = {isa = PBXFileReference; fileEncoding = 4; lastKnownFileType = text.json; path = DSResponse.json; sourceTree = "<group>"; };
		A2AB505E202F31E1007E07AB /* ApiService.swift */ = {isa = PBXFileReference; lastKnownFileType = sourcecode.swift; path = ApiService.swift; sourceTree = "<group>"; };
		A2AB5063202F357B007E07AB /* Aircraft.swift */ = {isa = PBXFileReference; fileEncoding = 4; lastKnownFileType = sourcecode.swift; path = Aircraft.swift; sourceTree = "<group>"; };
		A2AB5064202F357B007E07AB /* Feeds.swift */ = {isa = PBXFileReference; fileEncoding = 4; lastKnownFileType = sourcecode.swift; path = Feeds.swift; sourceTree = "<group>"; };
		A2AB5065202F357C007E07AB /* AEResponse.swift */ = {isa = PBXFileReference; fileEncoding = 4; lastKnownFileType = sourcecode.swift; path = AEResponse.swift; sourceTree = "<group>"; };
		A2AB506920306D7C007E07AB /* ApiClient.swift */ = {isa = PBXFileReference; lastKnownFileType = sourcecode.swift; path = ApiClient.swift; sourceTree = "<group>"; };
		A2D9EF391F24A6E000872689 /* airport.xcdatamodel */ = {isa = PBXFileReference; lastKnownFileType = wrapper.xcdatamodel; path = airport.xcdatamodel; sourceTree = "<group>"; };
		A2D9EF7F1F24C92C00872689 /* AirdromeCommon.swift */ = {isa = PBXFileReference; fileEncoding = 4; lastKnownFileType = sourcecode.swift; name = AirdromeCommon.swift; path = ADSB/AirportModule/AirdromeCommon.swift; sourceTree = SOURCE_ROOT; };
		A2D9EF811F24D43C00872689 /* airports.csv */ = {isa = PBXFileReference; fileEncoding = 4; lastKnownFileType = text; path = airports.csv; sourceTree = "<group>"; };
		A2D9EF821F24D43C00872689 /* runways.csv */ = {isa = PBXFileReference; fileEncoding = 4; lastKnownFileType = text; path = runways.csv; sourceTree = "<group>"; };
		A2E2177E1F13929900E96747 /* AnnotationView.swift */ = {isa = PBXFileReference; fileEncoding = 4; lastKnownFileType = sourcecode.swift; name = AnnotationView.swift; path = AR/AnnotationView.swift; sourceTree = "<group>"; xcLanguageSpecificationIdentifier = xcode.lang.swift; };
		A2E2177F1F13929900E96747 /* ARGeoCoordinate.swift */ = {isa = PBXFileReference; fileEncoding = 4; lastKnownFileType = sourcecode.swift; name = ARGeoCoordinate.swift; path = AR/ARGeoCoordinate.swift; sourceTree = "<group>"; };
		A2E217801F13929900E96747 /* FlightBubbleV1.swift */ = {isa = PBXFileReference; fileEncoding = 4; lastKnownFileType = sourcecode.swift; name = FlightBubbleV1.swift; path = AR/FlightBubbleV1.swift; sourceTree = "<group>"; };
		A2E217811F13929900E96747 /* FlightBubbleV1.xib */ = {isa = PBXFileReference; fileEncoding = 4; lastKnownFileType = file.xib; name = FlightBubbleV1.xib; path = AR/FlightBubbleV1.xib; sourceTree = "<group>"; };
		A2E217821F13929900E96747 /* FlightCalloutView.swift */ = {isa = PBXFileReference; fileEncoding = 4; lastKnownFileType = sourcecode.swift; name = FlightCalloutView.swift; path = AR/FlightCalloutView.swift; sourceTree = "<group>"; };
		A2E217831F13929900E96747 /* FlightCalloutView.xib */ = {isa = PBXFileReference; fileEncoding = 4; lastKnownFileType = file.xib; name = FlightCalloutView.xib; path = AR/FlightCalloutView.xib; sourceTree = "<group>"; };
		A2E2178C1F13947200E96747 /* ARAnnotationView.swift */ = {isa = PBXFileReference; fileEncoding = 4; lastKnownFileType = sourcecode.swift; path = ARAnnotationView.swift; sourceTree = "<group>"; };
		A2E2178D1F13947200E96747 /* ARConfiguration.swift */ = {isa = PBXFileReference; fileEncoding = 4; lastKnownFileType = sourcecode.swift; path = ARConfiguration.swift; sourceTree = "<group>"; };
		A2E2178E1F13947200E96747 /* ARTrackingManager.swift */ = {isa = PBXFileReference; fileEncoding = 4; lastKnownFileType = sourcecode.swift; path = ARTrackingManager.swift; sourceTree = "<group>"; };
		A2E2178F1F13947200E96747 /* ARViewController.swift */ = {isa = PBXFileReference; fileEncoding = 4; lastKnownFileType = sourcecode.swift; path = ARViewController.swift; sourceTree = "<group>"; };
		A2ED007621DA4525009B2C37 /* Collection+Extensions.swift */ = {isa = PBXFileReference; lastKnownFileType = sourcecode.swift; path = "Collection+Extensions.swift"; sourceTree = "<group>"; };
		A2F0278B1F276BA50058E3A5 /* Runway+CoreDataClass.swift */ = {isa = PBXFileReference; lastKnownFileType = sourcecode.swift; path = "Runway+CoreDataClass.swift"; sourceTree = "<group>"; };
		A2F0278C1F276BA50058E3A5 /* Runway+CoreDataProperties.swift */ = {isa = PBXFileReference; lastKnownFileType = sourcecode.swift; path = "Runway+CoreDataProperties.swift"; sourceTree = "<group>"; };
		A2F0278D1F276BA50058E3A5 /* Airport+CoreDataClass.swift */ = {isa = PBXFileReference; lastKnownFileType = sourcecode.swift; path = "Airport+CoreDataClass.swift"; sourceTree = "<group>"; };
		A2F0278E1F276BA50058E3A5 /* Airport+CoreDataProperties.swift */ = {isa = PBXFileReference; lastKnownFileType = sourcecode.swift; path = "Airport+CoreDataProperties.swift"; sourceTree = "<group>"; };
		A2F027961F28417C0058E3A5 /* airportAnnotationView.swift */ = {isa = PBXFileReference; lastKnownFileType = sourcecode.swift; name = airportAnnotationView.swift; path = ADSB/AirportModule/Views/airportAnnotationView.swift; sourceTree = SOURCE_ROOT; };
		A2F027981F2846BE0058E3A5 /* airportAnnotation.swift */ = {isa = PBXFileReference; lastKnownFileType = sourcecode.swift; name = airportAnnotation.swift; path = ADSB/AirportModule/Views/airportAnnotation.swift; sourceTree = SOURCE_ROOT; };
		A2F17BB01F258088008861C4 /* Scanner+.swift */ = {isa = PBXFileReference; fileEncoding = 4; lastKnownFileType = sourcecode.swift; path = "Scanner+.swift"; sourceTree = "<group>"; };
		A2FBFF64218C5253007A61D6 /* MockApiClient.swift */ = {isa = PBXFileReference; lastKnownFileType = sourcecode.swift; path = MockApiClient.swift; sourceTree = "<group>"; };
		A2FBFF67218F211F007A61D6 /* RadarMapViewController.swift */ = {isa = PBXFileReference; lastKnownFileType = sourcecode.swift; path = RadarMapViewController.swift; sourceTree = "<group>"; };
		A2FBFF69218F21B5007A61D6 /* AdsbARViewController.swift */ = {isa = PBXFileReference; lastKnownFileType = sourcecode.swift; path = AdsbARViewController.swift; sourceTree = "<group>"; };
		A2FBFF6B218F21D5007A61D6 /* RadarMapViewModel.swift */ = {isa = PBXFileReference; lastKnownFileType = sourcecode.swift; path = RadarMapViewModel.swift; sourceTree = "<group>"; };
		A2FBFF6D218F21FF007A61D6 /* ARViewModel.swift */ = {isa = PBXFileReference; lastKnownFileType = sourcecode.swift; path = ARViewModel.swift; sourceTree = "<group>"; };
		A2FBFF7121915F76007A61D6 /* AdsbExchangeViewModeling.swift */ = {isa = PBXFileReference; lastKnownFileType = sourcecode.swift; path = AdsbExchangeViewModeling.swift; sourceTree = "<group>"; };
		ADDD430C1AB8E01E5FC02230 /* Pods_ADSB_RadarTests.framework */ = {isa = PBXFileReference; explicitFileType = wrapper.framework; includeInIndex = 0; path = Pods_ADSB_RadarTests.framework; sourceTree = BUILT_PRODUCTS_DIR; };
		AFDE8E902A8F867CE4721086 /* Pods-ADSB RadarTests.debug.xcconfig */ = {isa = PBXFileReference; includeInIndex = 1; lastKnownFileType = text.xcconfig; name = "Pods-ADSB RadarTests.debug.xcconfig"; path = "Pods/Target Support Files/Pods-ADSB RadarTests/Pods-ADSB RadarTests.debug.xcconfig"; sourceTree = "<group>"; };
/* End PBXFileReference section */

/* Begin PBXFrameworksBuildPhase section */
		A228458B21DCA04B007FC7AC /* Frameworks */ = {
			isa = PBXFrameworksBuildPhase;
			buildActionMask = 2147483647;
			files = (
			);
			runOnlyForDeploymentPostprocessing = 0;
		};
		A2703C9D1F0B6A4E00A2C280 /* Frameworks */ = {
			isa = PBXFrameworksBuildPhase;
			buildActionMask = 2147483647;
			files = (
				A2703D621F0BBB6400A2C280 /* CoreMotion.framework in Frameworks */,
				A2703D601F0BBB5B00A2C280 /* MapKit.framework in Frameworks */,
				A2703D5E1F0BBB5100A2C280 /* CoreLocation.framework in Frameworks */,
				A402B2AB20D44D1147268C09 /* Pods_ADSB_Radar.framework in Frameworks */,
			);
			runOnlyForDeploymentPostprocessing = 0;
		};
		A2703CB41F0B6A4E00A2C280 /* Frameworks */ = {
			isa = PBXFrameworksBuildPhase;
			buildActionMask = 2147483647;
			files = (
				F0DA60D10AF6E216ED98C6D1 /* Pods_ADSB_RadarTests.framework in Frameworks */,
			);
			runOnlyForDeploymentPostprocessing = 0;
		};
		A2703CBF1F0B6A4E00A2C280 /* Frameworks */ = {
			isa = PBXFrameworksBuildPhase;
			buildActionMask = 2147483647;
			files = (
				388161D3EF6564CCD85BAAD8 /* Pods_ADSB_RadarUITests.framework in Frameworks */,
			);
			runOnlyForDeploymentPostprocessing = 0;
		};
/* End PBXFrameworksBuildPhase section */

/* Begin PBXGroup section */
		A228458F21DCA04B007FC7AC /* ADSB RadarTests Array */ = {
			isa = PBXGroup;
			children = (
				A228459021DCA04B007FC7AC /* ADSB_RadarTests_Array.swift */,
				A228459221DCA04B007FC7AC /* Info.plist */,
			);
			path = "ADSB RadarTests Array";
			sourceTree = "<group>";
		};
		A2436E2520441951009B5F03 /* Utilis */ = {
			isa = PBXGroup;
			children = (
				A2436E2620441971009B5F03 /* Notifications.swift */,
				A2436E2A20441F50009B5F03 /* GeofenceManager.swift */,
				A2436E2E204424E9009B5F03 /* Geotification.swift */,
			);
			path = Utilis;
			sourceTree = "<group>";
		};
		A26C90A71F13242600FF9514 /* AR Module */ = {
			isa = PBXGroup;
			children = (
				A26C90C21F1325CC00FF9514 /* ARAssets.xcassets */,
				A2E2178F1F13947200E96747 /* ARViewController.swift */,
				A2E2177E1F13929900E96747 /* AnnotationView.swift */,
				A2E2177F1F13929900E96747 /* ARGeoCoordinate.swift */,
				A2E2178C1F13947200E96747 /* ARAnnotationView.swift */,
				A2E2178D1F13947200E96747 /* ARConfiguration.swift */,
				A2E2178E1F13947200E96747 /* ARTrackingManager.swift */,
				A2E2178A1F1393EE00E96747 /* Model */,
			);
			name = "AR Module";
			sourceTree = "<group>";
		};
		A2703C971F0B6A4E00A2C280 = {
			isa = PBXGroup;
			children = (
				A2703CA21F0B6A4E00A2C280 /* ADSB */,
				A2703D341F0BBA1600A2C280 /* Siphty Extensions */,
				A2703CBA1F0B6A4E00A2C280 /* ADSBTests */,
				A2703CC51F0B6A4E00A2C280 /* ADSBUITests */,
				A228458F21DCA04B007FC7AC /* ADSB RadarTests Array */,
				A2703CA11F0B6A4E00A2C280 /* Products */,
				FD3AE9EDEF5FA9A5ACD29195 /* Pods */,
				FD83CB73777CEDCD16B51A92 /* Frameworks */,
			);
			sourceTree = "<group>";
		};
		A2703CA11F0B6A4E00A2C280 /* Products */ = {
			isa = PBXGroup;
			children = (
				A2703CA01F0B6A4E00A2C280 /* ADSB Radar.app */,
				A2703CB71F0B6A4E00A2C280 /* ADSB RadarTests.xctest */,
				A2703CC21F0B6A4E00A2C280 /* ADSB RadarUITests.xctest */,
				A228458E21DCA04B007FC7AC /* ADSB RadarTests Array.xctest */,
			);
			name = Products;
			sourceTree = "<group>";
		};
		A2703CA21F0B6A4E00A2C280 /* ADSB */ = {
			isa = PBXGroup;
			children = (
				A2703CA31F0B6A4E00A2C280 /* AppDelegate.swift */,
				A2703CAD1F0B6A4E00A2C280 /* Assets.xcassets */,
				A2703CAF1F0B6A4E00A2C280 /* LaunchScreen.storyboard */,
				A2703D101F0BB7F700A2C280 /* ADS-B.storyboard */,
				A2703CB21F0B6A4E00A2C280 /* Info.plist */,
				A2AB505C202F2DEE007E07AB /* MVVM */,
				A2703D631F0BCFEC00A2C280 /* ADSBAeroChartViewController.swift */,
				A26C90A71F13242600FF9514 /* AR Module */,
				A2703D0F1F0BB7F700A2C280 /* ADSB Map */,
				A2D9EF7E1F24C8CC00872689 /* Airport Sub-Module */,
				A2AB505B202F2DB1007E07AB /* Trash */,
			);
			path = ADSB;
			sourceTree = "<group>";
		};
		A2703CBA1F0B6A4E00A2C280 /* ADSBTests */ = {
			isa = PBXGroup;
			children = (
				A2FBFF64218C5253007A61D6 /* MockApiClient.swift */,
				A2FBFF61218C403C007A61D6 /* AdsbExpressTests */,
				A2FBFF60218C4016007A61D6 /* DarkSkyTests */,
				A2703CBB1F0B6A4E00A2C280 /* ADSBTests.swift */,
				A2703CBD1F0B6A4E00A2C280 /* Info.plist */,
			);
			path = ADSBTests;
			sourceTree = "<group>";
		};
		A2703CC51F0B6A4E00A2C280 /* ADSBUITests */ = {
			isa = PBXGroup;
			children = (
				A2703CC61F0B6A4E00A2C280 /* ADSBUITests.swift */,
				A2703CC81F0B6A4E00A2C280 /* Info.plist */,
			);
			path = ADSBUITests;
			sourceTree = "<group>";
		};
		A2703D0F1F0BB7F700A2C280 /* ADSB Map */ = {
			isa = PBXGroup;
			children = (
				A2703D201F0BB7F700A2C280 /* ADSBAssets.xcassets */,
				A2703D111F0BB7F700A2C280 /* ADS-B Model */,
				A2703D651F0BD27000A2C280 /* Views */,
			);
			name = "ADSB Map";
			path = ADSBModule;
			sourceTree = "<group>";
		};
		A2703D111F0BB7F700A2C280 /* ADS-B Model */ = {
			isa = PBXGroup;
			children = (
				A2703D161F0BB7F700A2C280 /* ADSBCommon.swift */,
				A2703D141F0BB7F700A2C280 /* ADSBAPIClient.swift */,
				A2703D131F0BB7F700A2C280 /* ADSBAircraft.swift */,
				A2703D151F0BB7F700A2C280 /* ADSBCacheManager.swift */,
				A2703D171F0BB7F700A2C280 /* ADSBDictKeys.swift */,
				A2703D1A1F0BB7F700A2C280 /* ADSBXResponse.swift */,
			);
			name = "ADS-B Model";
			path = ADSB;
			sourceTree = "<group>";
		};
		A2703D341F0BBA1600A2C280 /* Siphty Extensions */ = {
			isa = PBXGroup;
			children = (
				A2703D351F0BBA1600A2C280 /* CoreAnimation */,
				A2703D381F0BBA1600A2C280 /* CoreGraphic */,
				A2703D3B1F0BBA1600A2C280 /* CoreLocation */,
				A2703D3D1F0BBA1600A2C280 /* DateTime */,
				A2703D3F1F0BBA1600A2C280 /* Mathematics */,
				A2703D411F0BBA1600A2C280 /* String */,
				A2703D441F0BBA1600A2C280 /* UIColor */,
				A2703D471F0BBA1600A2C280 /* UIControl */,
				A2703D491F0BBA1600A2C280 /* UIImage */,
				A2703D4C1F0BBA1600A2C280 /* UIViewController */,
				A2ED007621DA4525009B2C37 /* Collection+Extensions.swift */,
			);
			path = "Siphty Extensions";
			sourceTree = "<group>";
		};
		A2703D351F0BBA1600A2C280 /* CoreAnimation */ = {
			isa = PBXGroup;
			children = (
				A2703D361F0BBA1600A2C280 /* CALayer+Extensions.swift */,
				A2703D371F0BBA1600A2C280 /* CATextLayer+Frame.swift */,
			);
			path = CoreAnimation;
			sourceTree = "<group>";
		};
		A2703D381F0BBA1600A2C280 /* CoreGraphic */ = {
			isa = PBXGroup;
			children = (
				A2703D391F0BBA1600A2C280 /* CGFloat+Extensions.swift */,
				A2703D3A1F0BBA1600A2C280 /* CGRect+Resize.swift */,
			);
			path = CoreGraphic;
			sourceTree = "<group>";
		};
		A2703D3B1F0BBA1600A2C280 /* CoreLocation */ = {
			isa = PBXGroup;
			children = (
				A2703D3C1F0BBA1600A2C280 /* CLLocation+Operator.swift */,
			);
			path = CoreLocation;
			sourceTree = "<group>";
		};
		A2703D3D1F0BBA1600A2C280 /* DateTime */ = {
			isa = PBXGroup;
			children = (
				A2703D3E1F0BBA1600A2C280 /* Date+Utility.swift */,
			);
			path = DateTime;
			sourceTree = "<group>";
		};
		A2703D3F1F0BBA1600A2C280 /* Mathematics */ = {
			isa = PBXGroup;
			children = (
				A2703D401F0BBA1600A2C280 /* Geometric.swift */,
			);
			path = Mathematics;
			sourceTree = "<group>";
		};
		A2703D411F0BBA1600A2C280 /* String */ = {
			isa = PBXGroup;
			children = (
				A2703D421F0BBA1600A2C280 /* String+Extensions.swift */,
				A2703D431F0BBA1600A2C280 /* String+UserLogin.swift */,
				A2F17BB01F258088008861C4 /* Scanner+.swift */,
			);
			path = String;
			sourceTree = "<group>";
		};
		A2703D441F0BBA1600A2C280 /* UIColor */ = {
			isa = PBXGroup;
			children = (
				A2703D451F0BBA1600A2C280 /* UIColor+MoreColors.swift */,
				A2703D461F0BBA1600A2C280 /* UIColor+RGB.swift */,
			);
			path = UIColor;
			sourceTree = "<group>";
		};
		A2703D471F0BBA1600A2C280 /* UIControl */ = {
			isa = PBXGroup;
			children = (
				A2703D481F0BBA1600A2C280 /* UIControl+Closure.swift */,
			);
			path = UIControl;
			sourceTree = "<group>";
		};
		A2703D491F0BBA1600A2C280 /* UIImage */ = {
			isa = PBXGroup;
			children = (
				A2703D4A1F0BBA1600A2C280 /* UIImage+Mask.swift */,
				A2703D4B1F0BBA1600A2C280 /* UIImage+Movement.swift */,
			);
			path = UIImage;
			sourceTree = "<group>";
		};
		A2703D4C1F0BBA1600A2C280 /* UIViewController */ = {
			isa = PBXGroup;
			children = (
				A2703D4D1F0BBA1600A2C280 /* UIViewController+Child.swift */,
			);
			path = UIViewController;
			sourceTree = "<group>";
		};
		A2703D651F0BD27000A2C280 /* Views */ = {
			isa = PBXGroup;
			children = (
				A2703D221F0BB7F700A2C280 /* ADSBMapView.swift */,
				A2703D1D1F0BB7F700A2C280 /* ADSBAnnotation.swift */,
				A2703D1F1F0BB7F700A2C280 /* ADSBAnnotationView.swift */,
				A2703D1E1F0BB7F700A2C280 /* ADSBAnnotationCalloutView.swift */,
				A2703D211F0BB7F700A2C280 /* ADSBCalloutView.swift */,
			);
			name = Views;
			sourceTree = "<group>";
		};
		A2AB505B202F2DB1007E07AB /* Trash */ = {
			isa = PBXGroup;
			children = (
				A2703CA51F0B6A4E00A2C280 /* ViewController.swift */,
				A2703CA71F0B6A4E00A2C280 /* Main.storyboard */,
			);
			path = Trash;
			sourceTree = "<group>";
		};
		A2AB505C202F2DEE007E07AB /* MVVM */ = {
			isa = PBXGroup;
			children = (
				A2FBFF66218EE723007A61D6 /* Views */,
				A2AB507B2031C167007E07AB /* ViewModels */,
				A2AB5062202F33A0007E07AB /* Models */,
				A2AB505D202F2EAA007E07AB /* ServerManager */,
				A2436E2520441951009B5F03 /* Utilis */,
			);
			path = MVVM;
			sourceTree = "<group>";
		};
		A2AB505D202F2EAA007E07AB /* ServerManager */ = {
			isa = PBXGroup;
			children = (
				A2AB505E202F31E1007E07AB /* ApiService.swift */,
				A2AB506920306D7C007E07AB /* ApiClient.swift */,
			);
			path = ServerManager;
			sourceTree = "<group>";
		};
		A2AB5062202F33A0007E07AB /* Models */ = {
			isa = PBXGroup;
			children = (
				A2AB506C2031C12F007E07AB /* DarkSky */,
				A2AB506B2031C111007E07AB /* AdsbExchange */,
			);
			path = Models;
			sourceTree = "<group>";
		};
		A2AB506B2031C111007E07AB /* AdsbExchange */ = {
			isa = PBXGroup;
			children = (
				A2AB5063202F357B007E07AB /* Aircraft.swift */,
				A2AB5064202F357B007E07AB /* Feeds.swift */,
				A2AB5065202F357C007E07AB /* AEResponse.swift */,
			);
			path = AdsbExchange;
			sourceTree = "<group>";
		};
		A2AB506C2031C12F007E07AB /* DarkSky */ = {
			isa = PBXGroup;
			children = (
				A2A5D8A42175638800A92892 /* DarkSky.swift */,
			);
			path = DarkSky;
			sourceTree = "<group>";
		};
		A2AB507B2031C167007E07AB /* ViewModels */ = {
			isa = PBXGroup;
			children = (
				A2436E2220440CE7009B5F03 /* AEAircraftsViewModel.swift */,
				A2A8A2A820480D3600B462F0 /* DSWeatherViewModel.swift */,
				A2FBFF6B218F21D5007A61D6 /* RadarMapViewModel.swift */,
				A2FBFF7121915F76007A61D6 /* AdsbExchangeViewModeling.swift */,
				A2FBFF6D218F21FF007A61D6 /* ARViewModel.swift */,
			);
			path = ViewModels;
			sourceTree = "<group>";
		};
		A2D9EF651F24C3A200872689 /* Model */ = {
			isa = PBXGroup;
			children = (
				A2F0278B1F276BA50058E3A5 /* Runway+CoreDataClass.swift */,
				A2F0278C1F276BA50058E3A5 /* Runway+CoreDataProperties.swift */,
				A2F0278D1F276BA50058E3A5 /* Airport+CoreDataClass.swift */,
				A2F0278E1F276BA50058E3A5 /* Airport+CoreDataProperties.swift */,
				A2D9EF381F24A6E000872689 /* airport.xcdatamodeld */,
				A2D9EF851F24D44D00872689 /* resources */,
			);
			name = Model;
			path = ADSB;
			sourceTree = "<group>";
		};
		A2D9EF7E1F24C8CC00872689 /* Airport Sub-Module */ = {
			isa = PBXGroup;
			children = (
				A23683AA1F2AE74900376835 /* AirportNFZAssets.xcassets */,
				A2D9EF7F1F24C92C00872689 /* AirdromeCommon.swift */,
				A2F027951F283C590058E3A5 /* Views */,
				A2D9EF651F24C3A200872689 /* Model */,
			);
			name = "Airport Sub-Module";
			path = ADSBModule;
			sourceTree = "<group>";
		};
		A2D9EF851F24D44D00872689 /* resources */ = {
			isa = PBXGroup;
			children = (
				A296DF4C1F3B366B003F060C /* airport.sqlite */,
				A2D9EF811F24D43C00872689 /* airports.csv */,
				A2D9EF821F24D43C00872689 /* runways.csv */,
			);
			name = resources;
			sourceTree = "<group>";
		};
		A2E2178A1F1393EE00E96747 /* Model */ = {
			isa = PBXGroup;
			children = (
				A2E217801F13929900E96747 /* FlightBubbleV1.swift */,
				A2E217811F13929900E96747 /* FlightBubbleV1.xib */,
				A2E217821F13929900E96747 /* FlightCalloutView.swift */,
				A2E217831F13929900E96747 /* FlightCalloutView.xib */,
			);
			name = Model;
			sourceTree = "<group>";
		};
		A2F027951F283C590058E3A5 /* Views */ = {
			isa = PBXGroup;
			children = (
				A2F027961F28417C0058E3A5 /* airportAnnotationView.swift */,
				A2F027981F2846BE0058E3A5 /* airportAnnotation.swift */,
				A296DF4E1F3B3D59003F060C /* MKMapView+Airport.swift */,
			);
			path = Views;
			sourceTree = "<group>";
		};
		A2FBFF5E218C3ECD007A61D6 /* Mock Responses */ = {
			isa = PBXGroup;
			children = (
				A27E88F32039A36D000DB52D /* AEResponse.json */,
				A27E88F72039A387000DB52D /* AEResponseFail.json */,
			);
			path = "Mock Responses";
			sourceTree = "<group>";
		};
		A2FBFF60218C4016007A61D6 /* DarkSkyTests */ = {
			isa = PBXGroup;
			children = (
				A2FBFF62218C431C007A61D6 /* Mock Responses */,
			);
			path = DarkSkyTests;
			sourceTree = "<group>";
		};
		A2FBFF61218C403C007A61D6 /* AdsbExpressTests */ = {
			isa = PBXGroup;
			children = (
				A2FBFF5E218C3ECD007A61D6 /* Mock Responses */,
			);
			path = AdsbExpressTests;
			sourceTree = "<group>";
		};
		A2FBFF62218C431C007A61D6 /* Mock Responses */ = {
			isa = PBXGroup;
			children = (
				A2A8A2C720482EA400B462F0 /* DSResponse.json */,
				A2A8A2C620482EA400B462F0 /* DSResponseEmpty.json */,
			);
			path = "Mock Responses";
			sourceTree = "<group>";
		};
		A2FBFF66218EE723007A61D6 /* Views */ = {
			isa = PBXGroup;
			children = (
				A2FBFF67218F211F007A61D6 /* RadarMapViewController.swift */,
				A2FBFF69218F21B5007A61D6 /* AdsbARViewController.swift */,
			);
			path = Views;
			sourceTree = "<group>";
		};
		FD3AE9EDEF5FA9A5ACD29195 /* Pods */ = {
			isa = PBXGroup;
			children = (
				7EB3C82610B56653FD17FD59 /* Pods-ADSB Radar.debug.xcconfig */,
				3DA6EECE855CCC0A77EF118A /* Pods-ADSB Radar.release.xcconfig */,
				AFDE8E902A8F867CE4721086 /* Pods-ADSB RadarTests.debug.xcconfig */,
				29F62AAF9E77F402382D2471 /* Pods-ADSB RadarTests.release.xcconfig */,
				845EC6DF40E87B71D9A9AD4A /* Pods-ADSB RadarUITests.debug.xcconfig */,
				33C21DE9D584300F6A67CEAB /* Pods-ADSB RadarUITests.release.xcconfig */,
			);
			name = Pods;
			sourceTree = "<group>";
		};
		FD83CB73777CEDCD16B51A92 /* Frameworks */ = {
			isa = PBXGroup;
			children = (
				A2703D611F0BBB6400A2C280 /* CoreMotion.framework */,
				A2703D5F1F0BBB5B00A2C280 /* MapKit.framework */,
				A2703D5D1F0BBB5100A2C280 /* CoreLocation.framework */,
				53FDA4AF82A011808E4BEF9A /* Pods_ADSB_Radar.framework */,
				ADDD430C1AB8E01E5FC02230 /* Pods_ADSB_RadarTests.framework */,
				875FB5C42B1259020CFE0755 /* Pods_ADSB_RadarUITests.framework */,
			);
			name = Frameworks;
			sourceTree = "<group>";
		};
/* End PBXGroup section */

/* Begin PBXNativeTarget section */
		A228458D21DCA04B007FC7AC /* ADSB RadarTests Array */ = {
			isa = PBXNativeTarget;
			buildConfigurationList = A228459521DCA04B007FC7AC /* Build configuration list for PBXNativeTarget "ADSB RadarTests Array" */;
			buildPhases = (
				A228458A21DCA04B007FC7AC /* Sources */,
				A228458B21DCA04B007FC7AC /* Frameworks */,
				A228458C21DCA04B007FC7AC /* Resources */,
			);
			buildRules = (
			);
			dependencies = (
				A228459421DCA04B007FC7AC /* PBXTargetDependency */,
			);
			name = "ADSB RadarTests Array";
			productName = "ADSB RadarTests Array";
			productReference = A228458E21DCA04B007FC7AC /* ADSB RadarTests Array.xctest */;
			productType = "com.apple.product-type.bundle.unit-test";
		};
		A2703C9F1F0B6A4E00A2C280 /* ADSB Radar */ = {
			isa = PBXNativeTarget;
			buildConfigurationList = A2703CCB1F0B6A4E00A2C280 /* Build configuration list for PBXNativeTarget "ADSB Radar" */;
			buildPhases = (
				6708D7F63601A48FEBF358BC /* [CP] Check Pods Manifest.lock */,
				A2703C9C1F0B6A4E00A2C280 /* Sources */,
				A2703C9D1F0B6A4E00A2C280 /* Frameworks */,
				A2703C9E1F0B6A4E00A2C280 /* Resources */,
				09684FD2E37BB022636B4490 /* [CP] Embed Pods Frameworks */,
				A228458921DC9923007FC7AC /* ShellScript */,
			);
			buildRules = (
			);
			dependencies = (
			);
			name = "ADSB Radar";
			productName = ADSB;
			productReference = A2703CA01F0B6A4E00A2C280 /* ADSB Radar.app */;
			productType = "com.apple.product-type.application";
		};
		A2703CB61F0B6A4E00A2C280 /* ADSB RadarTests */ = {
			isa = PBXNativeTarget;
			buildConfigurationList = A2703CCE1F0B6A4E00A2C280 /* Build configuration list for PBXNativeTarget "ADSB RadarTests" */;
			buildPhases = (
				C594FEEB736D7C92211E81BB /* [CP] Check Pods Manifest.lock */,
				A2703CB31F0B6A4E00A2C280 /* Sources */,
				A2703CB41F0B6A4E00A2C280 /* Frameworks */,
				A2703CB51F0B6A4E00A2C280 /* Resources */,
				F7F5B6ED5670D9765011CCDD /* [CP] Embed Pods Frameworks */,
			);
			buildRules = (
			);
			dependencies = (
				A2703CB91F0B6A4E00A2C280 /* PBXTargetDependency */,
			);
			name = "ADSB RadarTests";
			productName = ADSBTests;
			productReference = A2703CB71F0B6A4E00A2C280 /* ADSB RadarTests.xctest */;
			productType = "com.apple.product-type.bundle.unit-test";
		};
		A2703CC11F0B6A4E00A2C280 /* ADSB RadarUITests */ = {
			isa = PBXNativeTarget;
			buildConfigurationList = A2703CD11F0B6A4E00A2C280 /* Build configuration list for PBXNativeTarget "ADSB RadarUITests" */;
			buildPhases = (
				5CBD3BD67168887122FEBE5F /* [CP] Check Pods Manifest.lock */,
				A2703CBE1F0B6A4E00A2C280 /* Sources */,
				A2703CBF1F0B6A4E00A2C280 /* Frameworks */,
				A2703CC01F0B6A4E00A2C280 /* Resources */,
				A8DBEADE8355372A53F32790 /* [CP] Embed Pods Frameworks */,
			);
			buildRules = (
			);
			dependencies = (
				A2703CC41F0B6A4E00A2C280 /* PBXTargetDependency */,
			);
			name = "ADSB RadarUITests";
			productName = ADSBUITests;
			productReference = A2703CC21F0B6A4E00A2C280 /* ADSB RadarUITests.xctest */;
			productType = "com.apple.product-type.bundle.ui-testing";
		};
/* End PBXNativeTarget section */

/* Begin PBXProject section */
		A2703C981F0B6A4E00A2C280 /* Project object */ = {
			isa = PBXProject;
			attributes = {
				LastSwiftUpdateCheck = 1010;
				LastUpgradeCheck = 1010;
				ORGANIZATIONNAME = Siphty;
				TargetAttributes = {
					A228458D21DCA04B007FC7AC = {
						CreatedOnToolsVersion = 10.1;
						DevelopmentTeam = GZQL33LF2B;
						ProvisioningStyle = Automatic;
						TestTargetID = A2703C9F1F0B6A4E00A2C280;
					};
					A2703C9F1F0B6A4E00A2C280 = {
						CreatedOnToolsVersion = 8.3.3;
						DevelopmentTeam = 4PQU2QH5JS;
						LastSwiftMigration = 0900;
						ProvisioningStyle = Automatic;
					};
					A2703CB61F0B6A4E00A2C280 = {
						CreatedOnToolsVersion = 8.3.3;
						LastSwiftMigration = 0900;
						ProvisioningStyle = Automatic;
						TestTargetID = A2703C9F1F0B6A4E00A2C280;
					};
					A2703CC11F0B6A4E00A2C280 = {
						CreatedOnToolsVersion = 8.3.3;
						LastSwiftMigration = 0900;
						ProvisioningStyle = Automatic;
						TestTargetID = A2703C9F1F0B6A4E00A2C280;
					};
				};
			};
			buildConfigurationList = A2703C9B1F0B6A4E00A2C280 /* Build configuration list for PBXProject "ADSB Radar" */;
			compatibilityVersion = "Xcode 3.2";
			developmentRegion = English;
			hasScannedForEncodings = 0;
			knownRegions = (
				en,
				Base,
			);
			mainGroup = A2703C971F0B6A4E00A2C280;
			productRefGroup = A2703CA11F0B6A4E00A2C280 /* Products */;
			projectDirPath = "";
			projectRoot = "";
			targets = (
				A2703C9F1F0B6A4E00A2C280 /* ADSB Radar */,
				A2703CB61F0B6A4E00A2C280 /* ADSB RadarTests */,
				A2703CC11F0B6A4E00A2C280 /* ADSB RadarUITests */,
				A228458D21DCA04B007FC7AC /* ADSB RadarTests Array */,
			);
		};
/* End PBXProject section */

/* Begin PBXResourcesBuildPhase section */
		A228458C21DCA04B007FC7AC /* Resources */ = {
			isa = PBXResourcesBuildPhase;
			buildActionMask = 2147483647;
			files = (
			);
			runOnlyForDeploymentPostprocessing = 0;
		};
		A2703C9E1F0B6A4E00A2C280 /* Resources */ = {
			isa = PBXResourcesBuildPhase;
			buildActionMask = 2147483647;
			files = (
				A296DF4D1F3B390F003F060C /* airport.sqlite in Resources */,
				A2703CB11F0B6A4E00A2C280 /* LaunchScreen.storyboard in Resources */,
				A27E88F42039A36D000DB52D /* AEResponse.json in Resources */,
				A2D9EF841F24D43C00872689 /* runways.csv in Resources */,
				A2E217871F13929900E96747 /* FlightBubbleV1.xib in Resources */,
				A23683AB1F2AE74900376835 /* AirportNFZAssets.xcassets in Resources */,
				A2703CAE1F0B6A4E00A2C280 /* Assets.xcassets in Resources */,
				A27E88F82039A387000DB52D /* AEResponseFail.json in Resources */,
				A26C90C31F1325CC00FF9514 /* ARAssets.xcassets in Resources */,
				A2A8A2CB20482EA500B462F0 /* DSResponse.json in Resources */,
				A2A8A2C820482EA500B462F0 /* DSResponseEmpty.json in Resources */,
				A2E217891F13929900E96747 /* FlightCalloutView.xib in Resources */,
				A2703D231F0BB7F700A2C280 /* ADS-B.storyboard in Resources */,
				A2703D311F0BB7F700A2C280 /* ADSBAssets.xcassets in Resources */,
				A2D9EF831F24D43C00872689 /* airports.csv in Resources */,
				A2703CA91F0B6A4E00A2C280 /* Main.storyboard in Resources */,
			);
			runOnlyForDeploymentPostprocessing = 0;
		};
		A2703CB51F0B6A4E00A2C280 /* Resources */ = {
			isa = PBXResourcesBuildPhase;
			buildActionMask = 2147483647;
			files = (
				A22AA9A921D6EF41002EFDAE /* runways.csv in Resources */,
				A2A8A2C920482EA500B462F0 /* DSResponseEmpty.json in Resources */,
				A2A8A2CC20482EA500B462F0 /* DSResponse.json in Resources */,
				A22AA9A721D6EF3E002EFDAE /* airports.csv in Resources */,
				A22AA9A521D6EF3A002EFDAE /* airport.sqlite in Resources */,
				A27E88F52039A36D000DB52D /* AEResponse.json in Resources */,
				A27E88F92039A387000DB52D /* AEResponseFail.json in Resources */,
			);
			runOnlyForDeploymentPostprocessing = 0;
		};
		A2703CC01F0B6A4E00A2C280 /* Resources */ = {
			isa = PBXResourcesBuildPhase;
			buildActionMask = 2147483647;
			files = (
				A22AA9AA21D6EF41002EFDAE /* runways.csv in Resources */,
				A2A8A2CA20482EA500B462F0 /* DSResponseEmpty.json in Resources */,
				A2A8A2CD20482EA500B462F0 /* DSResponse.json in Resources */,
				A22AA9A821D6EF3E002EFDAE /* airports.csv in Resources */,
				A22AA9A621D6EF3B002EFDAE /* airport.sqlite in Resources */,
				A27E88F62039A36D000DB52D /* AEResponse.json in Resources */,
				A27E88FA2039A387000DB52D /* AEResponseFail.json in Resources */,
			);
			runOnlyForDeploymentPostprocessing = 0;
		};
/* End PBXResourcesBuildPhase section */

/* Begin PBXShellScriptBuildPhase section */
		09684FD2E37BB022636B4490 /* [CP] Embed Pods Frameworks */ = {
			isa = PBXShellScriptBuildPhase;
			buildActionMask = 2147483647;
			files = (
			);
			inputPaths = (
				"${SRCROOT}/Pods/Target Support Files/Pods-ADSB Radar/Pods-ADSB Radar-frameworks.sh",
				"${BUILT_PRODUCTS_DIR}/Kingfisher/Kingfisher.framework",
				"${BUILT_PRODUCTS_DIR}/NVActivityIndicatorView/NVActivityIndicatorView.framework",
			);
			name = "[CP] Embed Pods Frameworks";
			outputPaths = (
				"${TARGET_BUILD_DIR}/${FRAMEWORKS_FOLDER_PATH}/Kingfisher.framework",
				"${TARGET_BUILD_DIR}/${FRAMEWORKS_FOLDER_PATH}/NVActivityIndicatorView.framework",
			);
			runOnlyForDeploymentPostprocessing = 0;
			shellPath = /bin/sh;
			shellScript = "\"${SRCROOT}/Pods/Target Support Files/Pods-ADSB Radar/Pods-ADSB Radar-frameworks.sh\"\n";
			showEnvVarsInLog = 0;
		};
		5CBD3BD67168887122FEBE5F /* [CP] Check Pods Manifest.lock */ = {
			isa = PBXShellScriptBuildPhase;
			buildActionMask = 2147483647;
			files = (
			);
			inputPaths = (
				"${PODS_PODFILE_DIR_PATH}/Podfile.lock",
				"${PODS_ROOT}/Manifest.lock",
			);
			name = "[CP] Check Pods Manifest.lock";
			outputPaths = (
				"$(DERIVED_FILE_DIR)/Pods-ADSB RadarUITests-checkManifestLockResult.txt",
			);
			runOnlyForDeploymentPostprocessing = 0;
			shellPath = /bin/sh;
			shellScript = "diff \"${PODS_PODFILE_DIR_PATH}/Podfile.lock\" \"${PODS_ROOT}/Manifest.lock\" > /dev/null\nif [ $? != 0 ] ; then\n    # print error to STDERR\n    echo \"error: The sandbox is not in sync with the Podfile.lock. Run 'pod install' or update your CocoaPods installation.\" >&2\n    exit 1\nfi\n# This output is used by Xcode 'outputs' to avoid re-running this script phase.\necho \"SUCCESS\" > \"${SCRIPT_OUTPUT_FILE_0}\"\n";
			showEnvVarsInLog = 0;
		};
		6708D7F63601A48FEBF358BC /* [CP] Check Pods Manifest.lock */ = {
			isa = PBXShellScriptBuildPhase;
			buildActionMask = 2147483647;
			files = (
			);
			inputPaths = (
				"${PODS_PODFILE_DIR_PATH}/Podfile.lock",
				"${PODS_ROOT}/Manifest.lock",
			);
			name = "[CP] Check Pods Manifest.lock";
			outputPaths = (
				"$(DERIVED_FILE_DIR)/Pods-ADSB Radar-checkManifestLockResult.txt",
			);
			runOnlyForDeploymentPostprocessing = 0;
			shellPath = /bin/sh;
			shellScript = "diff \"${PODS_PODFILE_DIR_PATH}/Podfile.lock\" \"${PODS_ROOT}/Manifest.lock\" > /dev/null\nif [ $? != 0 ] ; then\n    # print error to STDERR\n    echo \"error: The sandbox is not in sync with the Podfile.lock. Run 'pod install' or update your CocoaPods installation.\" >&2\n    exit 1\nfi\n# This output is used by Xcode 'outputs' to avoid re-running this script phase.\necho \"SUCCESS\" > \"${SCRIPT_OUTPUT_FILE_0}\"\n";
			showEnvVarsInLog = 0;
		};
		A228458921DC9923007FC7AC /* ShellScript */ = {
			isa = PBXShellScriptBuildPhase;
			buildActionMask = 2147483647;
			files = (
			);
			inputFileListPaths = (
			);
			inputPaths = (
				"$(BUILT_PRODUCTS_DIR)/$(INFOPLIST_PATH)",
			);
			outputFileListPaths = (
			);
			outputPaths = (
			);
			runOnlyForDeploymentPostprocessing = 0;
			shellPath = /bin/sh;
			shellScript = "\"${PODS_ROOT}/Fabric/run\" 74307a882f6e2ef5efd2515490d4afd121e739ab 1724e0496ae884fc01d1e1319f1a455a3746ce97c6aea428f00be67902973de4\n";
		};
		A8DBEADE8355372A53F32790 /* [CP] Embed Pods Frameworks */ = {
			isa = PBXShellScriptBuildPhase;
			buildActionMask = 2147483647;
			files = (
			);
			inputPaths = (
				"${SRCROOT}/Pods/Target Support Files/Pods-ADSB RadarUITests/Pods-ADSB RadarUITests-frameworks.sh",
				"${BUILT_PRODUCTS_DIR}/Kingfisher/Kingfisher.framework",
			);
			name = "[CP] Embed Pods Frameworks";
			outputPaths = (
				"${TARGET_BUILD_DIR}/${FRAMEWORKS_FOLDER_PATH}/Kingfisher.framework",
			);
			runOnlyForDeploymentPostprocessing = 0;
			shellPath = /bin/sh;
			shellScript = "\"${SRCROOT}/Pods/Target Support Files/Pods-ADSB RadarUITests/Pods-ADSB RadarUITests-frameworks.sh\"\n";
			showEnvVarsInLog = 0;
		};
		C594FEEB736D7C92211E81BB /* [CP] Check Pods Manifest.lock */ = {
			isa = PBXShellScriptBuildPhase;
			buildActionMask = 2147483647;
			files = (
			);
			inputPaths = (
				"${PODS_PODFILE_DIR_PATH}/Podfile.lock",
				"${PODS_ROOT}/Manifest.lock",
			);
			name = "[CP] Check Pods Manifest.lock";
			outputPaths = (
				"$(DERIVED_FILE_DIR)/Pods-ADSB RadarTests-checkManifestLockResult.txt",
			);
			runOnlyForDeploymentPostprocessing = 0;
			shellPath = /bin/sh;
			shellScript = "diff \"${PODS_PODFILE_DIR_PATH}/Podfile.lock\" \"${PODS_ROOT}/Manifest.lock\" > /dev/null\nif [ $? != 0 ] ; then\n    # print error to STDERR\n    echo \"error: The sandbox is not in sync with the Podfile.lock. Run 'pod install' or update your CocoaPods installation.\" >&2\n    exit 1\nfi\n# This output is used by Xcode 'outputs' to avoid re-running this script phase.\necho \"SUCCESS\" > \"${SCRIPT_OUTPUT_FILE_0}\"\n";
			showEnvVarsInLog = 0;
		};
		F7F5B6ED5670D9765011CCDD /* [CP] Embed Pods Frameworks */ = {
			isa = PBXShellScriptBuildPhase;
			buildActionMask = 2147483647;
			files = (
			);
			inputPaths = (
				"${SRCROOT}/Pods/Target Support Files/Pods-ADSB RadarTests/Pods-ADSB RadarTests-frameworks.sh",
				"${BUILT_PRODUCTS_DIR}/Kingfisher/Kingfisher.framework",
			);
			name = "[CP] Embed Pods Frameworks";
			outputPaths = (
				"${TARGET_BUILD_DIR}/${FRAMEWORKS_FOLDER_PATH}/Kingfisher.framework",
			);
			runOnlyForDeploymentPostprocessing = 0;
			shellPath = /bin/sh;
			shellScript = "\"${SRCROOT}/Pods/Target Support Files/Pods-ADSB RadarTests/Pods-ADSB RadarTests-frameworks.sh\"\n";
			showEnvVarsInLog = 0;
		};
/* End PBXShellScriptBuildPhase section */

/* Begin PBXSourcesBuildPhase section */
		A228458A21DCA04B007FC7AC /* Sources */ = {
			isa = PBXSourcesBuildPhase;
			buildActionMask = 2147483647;
			files = (
				A228459121DCA04B007FC7AC /* ADSB_RadarTests_Array.swift in Sources */,
			);
			runOnlyForDeploymentPostprocessing = 0;
		};
		A2703C9C1F0B6A4E00A2C280 /* Sources */ = {
			isa = PBXSourcesBuildPhase;
			buildActionMask = 2147483647;
			files = (
				A2703D2F1F0BB7F700A2C280 /* ADSBAnnotationCalloutView.swift in Sources */,
				A2AB5066202F357C007E07AB /* Aircraft.swift in Sources */,
				A2E217841F13929900E96747 /* AnnotationView.swift in Sources */,
				A2703D291F0BB7F700A2C280 /* ADSBDictKeys.swift in Sources */,
				A2436E2B20441F50009B5F03 /* GeofenceManager.swift in Sources */,
				A2703D641F0BCFEC00A2C280 /* ADSBAeroChartViewController.swift in Sources */,
				A2703D301F0BB7F700A2C280 /* ADSBAnnotationView.swift in Sources */,
				A2703D2E1F0BB7F700A2C280 /* ADSBAnnotation.swift in Sources */,
				A2D9EF801F24C92C00872689 /* AirdromeCommon.swift in Sources */,
				A2703D5C1F0BBA1600A2C280 /* UIViewController+Child.swift in Sources */,
				A2703D5B1F0BBA1600A2C280 /* UIImage+Movement.swift in Sources */,
				A2703D2B1F0BB7F700A2C280 /* ADSBXResponse.swift in Sources */,
				A2AB5067202F357C007E07AB /* Feeds.swift in Sources */,
				A2703D321F0BB7F700A2C280 /* ADSBCalloutView.swift in Sources */,
				A2E217861F13929900E96747 /* FlightBubbleV1.swift in Sources */,
				A2E217931F13947200E96747 /* ARTrackingManager.swift in Sources */,
				A2703D251F0BB7F700A2C280 /* ADSBAircraft.swift in Sources */,
				A2F027971F28417C0058E3A5 /* airportAnnotationView.swift in Sources */,
				A2F027921F276BA50058E3A5 /* Airport+CoreDataProperties.swift in Sources */,
				A2703D4F1F0BBA1600A2C280 /* CATextLayer+Frame.swift in Sources */,
				A2703D331F0BB7F700A2C280 /* ADSBMapView.swift in Sources */,
				A2703D501F0BBA1600A2C280 /* CGFloat+Extensions.swift in Sources */,
				A2703D561F0BBA1600A2C280 /* String+UserLogin.swift in Sources */,
				A2F027991F2846BE0058E3A5 /* airportAnnotation.swift in Sources */,
				A2703CA61F0B6A4E00A2C280 /* ViewController.swift in Sources */,
				A2F027911F276BA50058E3A5 /* Airport+CoreDataClass.swift in Sources */,
				A2E217941F13947200E96747 /* ARViewController.swift in Sources */,
				A2F0278F1F276BA50058E3A5 /* Runway+CoreDataClass.swift in Sources */,
				A2FBFF6C218F21D5007A61D6 /* RadarMapViewModel.swift in Sources */,
				A296DF4F1F3B3D59003F060C /* MKMapView+Airport.swift in Sources */,
				A2ED007721DA4525009B2C37 /* Collection+Extensions.swift in Sources */,
				A2E217851F13929900E96747 /* ARGeoCoordinate.swift in Sources */,
				A2703D531F0BBA1600A2C280 /* Date+Utility.swift in Sources */,
				A2FBFF7221915F76007A61D6 /* AdsbExchangeViewModeling.swift in Sources */,
				A2703D591F0BBA1600A2C280 /* UIControl+Closure.swift in Sources */,
				A2703D261F0BB7F700A2C280 /* ADSBAPIClient.swift in Sources */,
				A2703D581F0BBA1600A2C280 /* UIColor+RGB.swift in Sources */,
				A2A8A2A920480D3600B462F0 /* DSWeatherViewModel.swift in Sources */,
				A2AB5068202F357C007E07AB /* AEResponse.swift in Sources */,
				A2FBFF65218C5253007A61D6 /* MockApiClient.swift in Sources */,
				A2AB505F202F31E1007E07AB /* ApiService.swift in Sources */,
				A2FBFF68218F211F007A61D6 /* RadarMapViewController.swift in Sources */,
				A2703D271F0BB7F700A2C280 /* ADSBCacheManager.swift in Sources */,
				A2703D281F0BB7F700A2C280 /* ADSBCommon.swift in Sources */,
				A2E217911F13947200E96747 /* ARAnnotationView.swift in Sources */,
				A2436E2F204424E9009B5F03 /* Geotification.swift in Sources */,
				A2FBFF6E218F21FF007A61D6 /* ARViewModel.swift in Sources */,
				A2F027901F276BA50058E3A5 /* Runway+CoreDataProperties.swift in Sources */,
				A2D9EF3A1F24A6E000872689 /* airport.xcdatamodeld in Sources */,
				A2A5D8A52175638900A92892 /* DarkSky.swift in Sources */,
				A2E217881F13929900E96747 /* FlightCalloutView.swift in Sources */,
				A2F17BB11F258088008861C4 /* Scanner+.swift in Sources */,
				A2703D511F0BBA1600A2C280 /* CGRect+Resize.swift in Sources */,
				A2FBFF6A218F21B5007A61D6 /* AdsbARViewController.swift in Sources */,
				A2703CA41F0B6A4E00A2C280 /* AppDelegate.swift in Sources */,
				A2436E2320440CE7009B5F03 /* AEAircraftsViewModel.swift in Sources */,
				A2436E2720441971009B5F03 /* Notifications.swift in Sources */,
				A2703D551F0BBA1600A2C280 /* String+Extensions.swift in Sources */,
				A2703D4E1F0BBA1600A2C280 /* CALayer+Extensions.swift in Sources */,
				A2E217921F13947200E96747 /* ARConfiguration.swift in Sources */,
				A2AB506A20306D7C007E07AB /* ApiClient.swift in Sources */,
				A2703D521F0BBA1600A2C280 /* CLLocation+Operator.swift in Sources */,
				A2703D5A1F0BBA1600A2C280 /* UIImage+Mask.swift in Sources */,
				A2703D541F0BBA1600A2C280 /* Geometric.swift in Sources */,
				A2703D571F0BBA1600A2C280 /* UIColor+MoreColors.swift in Sources */,
			);
			runOnlyForDeploymentPostprocessing = 0;
		};
		A2703CB31F0B6A4E00A2C280 /* Sources */ = {
			isa = PBXSourcesBuildPhase;
			buildActionMask = 2147483647;
			files = (
				A2A8A2B6204826C900B462F0 /* AppDelegate.swift in Sources */,
				A2436E2820441971009B5F03 /* Notifications.swift in Sources */,
				A2ED007821DB6DD1009B2C37 /* Collection+Extensions.swift in Sources */,
				A2436E2420440CE7009B5F03 /* AEAircraftsViewModel.swift in Sources */,
				A22AA9AD21D995CA002EFDAE /* String+UserLogin.swift in Sources */,
				A2A8A2B42048268000B462F0 /* AEResponse.swift in Sources */,
				A2A8A2B22048265500B462F0 /* ApiClient.swift in Sources */,
				A22AA9A121D6EF31002EFDAE /* Airport+CoreDataProperties.swift in Sources */,
				A2703CBC1F0B6A4E00A2C280 /* ADSBTests.swift in Sources */,
				A2436E30204424E9009B5F03 /* Geotification.swift in Sources */,
				A2436E2C20441F50009B5F03 /* GeofenceManager.swift in Sources */,
				A2A8A2AC204825E400B462F0 /* Aircraft.swift in Sources */,
				A2A8A2B02048265100B462F0 /* ApiService.swift in Sources */,
				A2A5D8A62175638900A92892 /* DarkSky.swift in Sources */,
				A22AA99D21D6EF2C002EFDAE /* Runway+CoreDataProperties.swift in Sources */,
				A22AA9AB21D995BE002EFDAE /* String+Extensions.swift in Sources */,
				A22AA9A321D6EF36002EFDAE /* airport.xcdatamodeld in Sources */,
				A22AA99B21D6EF29002EFDAE /* Airport+CoreDataClass.swift in Sources */,
				A22AA99921D6ED68002EFDAE /* AirdromeCommon.swift in Sources */,
				A2A8A2AE204825E900B462F0 /* Feeds.swift in Sources */,
				A22AA99F21D6EF2F002EFDAE /* Runway+CoreDataClass.swift in Sources */,
			);
			runOnlyForDeploymentPostprocessing = 0;
		};
		A2703CBE1F0B6A4E00A2C280 /* Sources */ = {
			isa = PBXSourcesBuildPhase;
			buildActionMask = 2147483647;
			files = (
				A22AA99C21D6EF2A002EFDAE /* Airport+CoreDataClass.swift in Sources */,
				A22AA99E21D6EF2D002EFDAE /* Runway+CoreDataProperties.swift in Sources */,
				A2436E2920441971009B5F03 /* Notifications.swift in Sources */,
				A2703CC71F0B6A4E00A2C280 /* ADSBUITests.swift in Sources */,
				A22AA9AC21D995BF002EFDAE /* String+Extensions.swift in Sources */,
				A2A8A2AD204825E400B462F0 /* Aircraft.swift in Sources */,
				A2A8A2B32048265500B462F0 /* ApiClient.swift in Sources */,
				A2A8A2B52048268600B462F0 /* AEResponse.swift in Sources */,
				A2436E2D20441F50009B5F03 /* GeofenceManager.swift in Sources */,
				A2ED007921DB6DD2009B2C37 /* Collection+Extensions.swift in Sources */,
				A2436E31204424E9009B5F03 /* Geotification.swift in Sources */,
				A2A8A2B12048265200B462F0 /* ApiService.swift in Sources */,
				A2A5D8A72175638900A92892 /* DarkSky.swift in Sources */,
				A22AA9AE21D995CB002EFDAE /* String+UserLogin.swift in Sources */,
				A2A8A2B7204826C900B462F0 /* AppDelegate.swift in Sources */,
				A22AA9A421D6EF36002EFDAE /* airport.xcdatamodeld in Sources */,
				A2A8A2AF204825E900B462F0 /* Feeds.swift in Sources */,
				A22AA9A021D6EF2F002EFDAE /* Runway+CoreDataClass.swift in Sources */,
				A22AA9A221D6EF31002EFDAE /* Airport+CoreDataProperties.swift in Sources */,
				A22AA99A21D6ED69002EFDAE /* AirdromeCommon.swift in Sources */,
			);
			runOnlyForDeploymentPostprocessing = 0;
		};
/* End PBXSourcesBuildPhase section */

/* Begin PBXTargetDependency section */
		A228459421DCA04B007FC7AC /* PBXTargetDependency */ = {
			isa = PBXTargetDependency;
			target = A2703C9F1F0B6A4E00A2C280 /* ADSB Radar */;
			targetProxy = A228459321DCA04B007FC7AC /* PBXContainerItemProxy */;
		};
		A2703CB91F0B6A4E00A2C280 /* PBXTargetDependency */ = {
			isa = PBXTargetDependency;
			target = A2703C9F1F0B6A4E00A2C280 /* ADSB Radar */;
			targetProxy = A2703CB81F0B6A4E00A2C280 /* PBXContainerItemProxy */;
		};
		A2703CC41F0B6A4E00A2C280 /* PBXTargetDependency */ = {
			isa = PBXTargetDependency;
			target = A2703C9F1F0B6A4E00A2C280 /* ADSB Radar */;
			targetProxy = A2703CC31F0B6A4E00A2C280 /* PBXContainerItemProxy */;
		};
/* End PBXTargetDependency section */

/* Begin PBXVariantGroup section */
		A2703CA71F0B6A4E00A2C280 /* Main.storyboard */ = {
			isa = PBXVariantGroup;
			children = (
				A2703CA81F0B6A4E00A2C280 /* Base */,
			);
			name = Main.storyboard;
			sourceTree = "<group>";
		};
		A2703CAF1F0B6A4E00A2C280 /* LaunchScreen.storyboard */ = {
			isa = PBXVariantGroup;
			children = (
				A2703CB01F0B6A4E00A2C280 /* Base */,
			);
			name = LaunchScreen.storyboard;
			sourceTree = "<group>";
		};
/* End PBXVariantGroup section */

/* Begin XCBuildConfiguration section */
		A228459621DCA04B007FC7AC /* Debug */ = {
			isa = XCBuildConfiguration;
			buildSettings = {
				BUNDLE_LOADER = "$(TEST_HOST)";
				CLANG_CXX_LANGUAGE_STANDARD = "gnu++14";
				CLANG_ENABLE_OBJC_WEAK = YES;
				CLANG_WARN_UNGUARDED_AVAILABILITY = YES_AGGRESSIVE;
				CODE_SIGN_IDENTITY = "iPhone Developer";
				CODE_SIGN_STYLE = Automatic;
				GCC_C_LANGUAGE_STANDARD = gnu11;
				INFOPLIST_FILE = "ADSB RadarTests Array/Info.plist";
				IPHONEOS_DEPLOYMENT_TARGET = 12.1;
				LD_RUNPATH_SEARCH_PATHS = "$(inherited) @executable_path/Frameworks @loader_path/Frameworks";
				MTL_ENABLE_DEBUG_INFO = INCLUDE_SOURCE;
				MTL_FAST_MATH = YES;
				PRODUCT_BUNDLE_IDENTIFIER = "com.inteliment.ADSB-RadarTests-Array";
				PRODUCT_NAME = "$(TARGET_NAME)";
				SWIFT_VERSION = 4.2;
				TARGETED_DEVICE_FAMILY = "1,2";
				TEST_HOST = "$(BUILT_PRODUCTS_DIR)/ADSB Radar.app/ADSB Radar";
			};
			name = Debug;
		};
		A228459721DCA04B007FC7AC /* Release */ = {
			isa = XCBuildConfiguration;
			buildSettings = {
				BUNDLE_LOADER = "$(TEST_HOST)";
				CLANG_CXX_LANGUAGE_STANDARD = "gnu++14";
				CLANG_ENABLE_OBJC_WEAK = YES;
				CLANG_WARN_UNGUARDED_AVAILABILITY = YES_AGGRESSIVE;
				CODE_SIGN_IDENTITY = "iPhone Developer";
				CODE_SIGN_STYLE = Automatic;
				GCC_C_LANGUAGE_STANDARD = gnu11;
				INFOPLIST_FILE = "ADSB RadarTests Array/Info.plist";
				IPHONEOS_DEPLOYMENT_TARGET = 12.1;
				LD_RUNPATH_SEARCH_PATHS = "$(inherited) @executable_path/Frameworks @loader_path/Frameworks";
				MTL_FAST_MATH = YES;
				PRODUCT_BUNDLE_IDENTIFIER = "com.inteliment.ADSB-RadarTests-Array";
				PRODUCT_NAME = "$(TARGET_NAME)";
				SWIFT_VERSION = 4.2;
				TARGETED_DEVICE_FAMILY = "1,2";
				TEST_HOST = "$(BUILT_PRODUCTS_DIR)/ADSB Radar.app/ADSB Radar";
			};
			name = Release;
		};
		A2703CC91F0B6A4E00A2C280 /* Debug */ = {
			isa = XCBuildConfiguration;
			buildSettings = {
				ALWAYS_SEARCH_USER_PATHS = NO;
				CLANG_ANALYZER_NONNULL = YES;
				CLANG_ANALYZER_NUMBER_OBJECT_CONVERSION = YES_AGGRESSIVE;
				CLANG_CXX_LANGUAGE_STANDARD = "gnu++0x";
				CLANG_CXX_LIBRARY = "libc++";
				CLANG_ENABLE_MODULES = YES;
				CLANG_ENABLE_OBJC_ARC = YES;
				CLANG_WARN_BLOCK_CAPTURE_AUTORELEASING = YES;
				CLANG_WARN_BOOL_CONVERSION = YES;
				CLANG_WARN_COMMA = YES;
				CLANG_WARN_CONSTANT_CONVERSION = YES;
				CLANG_WARN_DEPRECATED_OBJC_IMPLEMENTATIONS = YES;
				CLANG_WARN_DIRECT_OBJC_ISA_USAGE = YES_ERROR;
				CLANG_WARN_DOCUMENTATION_COMMENTS = YES;
				CLANG_WARN_EMPTY_BODY = YES;
				CLANG_WARN_ENUM_CONVERSION = YES;
				CLANG_WARN_INFINITE_RECURSION = YES;
				CLANG_WARN_INT_CONVERSION = YES;
				CLANG_WARN_NON_LITERAL_NULL_CONVERSION = YES;
				CLANG_WARN_OBJC_IMPLICIT_RETAIN_SELF = YES;
				CLANG_WARN_OBJC_LITERAL_CONVERSION = YES;
				CLANG_WARN_OBJC_ROOT_CLASS = YES_ERROR;
				CLANG_WARN_RANGE_LOOP_ANALYSIS = YES;
				CLANG_WARN_STRICT_PROTOTYPES = YES;
				CLANG_WARN_SUSPICIOUS_MOVE = YES;
				CLANG_WARN_UNREACHABLE_CODE = YES;
				CLANG_WARN__DUPLICATE_METHOD_MATCH = YES;
				CODE_SIGN_IDENTITY = "iPhone Distribution";
				"CODE_SIGN_IDENTITY[sdk=iphoneos*]" = "iPhone Distribution";
				COPY_PHASE_STRIP = NO;
				DEBUG_INFORMATION_FORMAT = dwarf;
				DEVELOPMENT_TEAM = GZQL33LF2B;
				ENABLE_STRICT_OBJC_MSGSEND = YES;
				ENABLE_TESTABILITY = YES;
				GCC_C_LANGUAGE_STANDARD = gnu99;
				GCC_DYNAMIC_NO_PIC = NO;
				GCC_NO_COMMON_BLOCKS = YES;
				GCC_OPTIMIZATION_LEVEL = 0;
				GCC_PREPROCESSOR_DEFINITIONS = (
					"DEBUG=1",
					"$(inherited)",
				);
				GCC_WARN_64_TO_32_BIT_CONVERSION = YES;
				GCC_WARN_ABOUT_RETURN_TYPE = YES_ERROR;
				GCC_WARN_UNDECLARED_SELECTOR = YES;
				GCC_WARN_UNINITIALIZED_AUTOS = YES_AGGRESSIVE;
				GCC_WARN_UNUSED_FUNCTION = YES;
				GCC_WARN_UNUSED_VARIABLE = YES;
				IPHONEOS_DEPLOYMENT_TARGET = 10.0;
				MTL_ENABLE_DEBUG_INFO = YES;
				ONLY_ACTIVE_ARCH = YES;
				SDKROOT = iphoneos;
				SWIFT_ACTIVE_COMPILATION_CONDITIONS = DEBUG;
				SWIFT_OPTIMIZATION_LEVEL = "-Onone";
				TARGETED_DEVICE_FAMILY = "1,2";
			};
			name = Debug;
		};
		A2703CCA1F0B6A4E00A2C280 /* Release */ = {
			isa = XCBuildConfiguration;
			buildSettings = {
				ALWAYS_SEARCH_USER_PATHS = NO;
				CLANG_ANALYZER_NONNULL = YES;
				CLANG_ANALYZER_NUMBER_OBJECT_CONVERSION = YES_AGGRESSIVE;
				CLANG_CXX_LANGUAGE_STANDARD = "gnu++0x";
				CLANG_CXX_LIBRARY = "libc++";
				CLANG_ENABLE_MODULES = YES;
				CLANG_ENABLE_OBJC_ARC = YES;
				CLANG_WARN_BLOCK_CAPTURE_AUTORELEASING = YES;
				CLANG_WARN_BOOL_CONVERSION = YES;
				CLANG_WARN_COMMA = YES;
				CLANG_WARN_CONSTANT_CONVERSION = YES;
				CLANG_WARN_DEPRECATED_OBJC_IMPLEMENTATIONS = YES;
				CLANG_WARN_DIRECT_OBJC_ISA_USAGE = YES_ERROR;
				CLANG_WARN_DOCUMENTATION_COMMENTS = YES;
				CLANG_WARN_EMPTY_BODY = YES;
				CLANG_WARN_ENUM_CONVERSION = YES;
				CLANG_WARN_INFINITE_RECURSION = YES;
				CLANG_WARN_INT_CONVERSION = YES;
				CLANG_WARN_NON_LITERAL_NULL_CONVERSION = YES;
				CLANG_WARN_OBJC_IMPLICIT_RETAIN_SELF = YES;
				CLANG_WARN_OBJC_LITERAL_CONVERSION = YES;
				CLANG_WARN_OBJC_ROOT_CLASS = YES_ERROR;
				CLANG_WARN_RANGE_LOOP_ANALYSIS = YES;
				CLANG_WARN_STRICT_PROTOTYPES = YES;
				CLANG_WARN_SUSPICIOUS_MOVE = YES;
				CLANG_WARN_UNREACHABLE_CODE = YES;
				CLANG_WARN__DUPLICATE_METHOD_MATCH = YES;
				CODE_SIGN_IDENTITY = "iPhone Distribution";
				"CODE_SIGN_IDENTITY[sdk=iphoneos*]" = "iPhone Distribution";
				COPY_PHASE_STRIP = NO;
				DEBUG_INFORMATION_FORMAT = "dwarf-with-dsym";
				DEVELOPMENT_TEAM = GZQL33LF2B;
				ENABLE_NS_ASSERTIONS = NO;
				ENABLE_STRICT_OBJC_MSGSEND = YES;
				GCC_C_LANGUAGE_STANDARD = gnu99;
				GCC_NO_COMMON_BLOCKS = YES;
				GCC_WARN_64_TO_32_BIT_CONVERSION = YES;
				GCC_WARN_ABOUT_RETURN_TYPE = YES_ERROR;
				GCC_WARN_UNDECLARED_SELECTOR = YES;
				GCC_WARN_UNINITIALIZED_AUTOS = YES_AGGRESSIVE;
				GCC_WARN_UNUSED_FUNCTION = YES;
				GCC_WARN_UNUSED_VARIABLE = YES;
				IPHONEOS_DEPLOYMENT_TARGET = 10.0;
				MTL_ENABLE_DEBUG_INFO = NO;
				SDKROOT = iphoneos;
				SWIFT_OPTIMIZATION_LEVEL = "-Owholemodule";
				TARGETED_DEVICE_FAMILY = "1,2";
				VALIDATE_PRODUCT = YES;
			};
			name = Release;
		};
		A2703CCC1F0B6A4E00A2C280 /* Debug */ = {
			isa = XCBuildConfiguration;
			baseConfigurationReference = 7EB3C82610B56653FD17FD59 /* Pods-ADSB Radar.debug.xcconfig */;
			buildSettings = {
				ASSETCATALOG_COMPILER_APPICON_NAME = AppIcon;
				CODE_SIGN_IDENTITY = "iPhone Developer";
				CODE_SIGN_STYLE = Automatic;
				DEVELOPMENT_TEAM = 4PQU2QH5JS;
				INFOPLIST_FILE = ADSB/Info.plist;
				IPHONEOS_DEPLOYMENT_TARGET = 11.0;
				LD_RUNPATH_SEARCH_PATHS = "$(inherited) @executable_path/Frameworks";
				PRODUCT_BUNDLE_IDENTIFIER = com.siphty.adsb.radar;
				PRODUCT_NAME = "$(TARGET_NAME)";
				PROVISIONING_PROFILE_SPECIFIER = "";
				SDKROOT = iphoneos;
				SWIFT_SWIFT3_OBJC_INFERENCE = On;
				SWIFT_VERSION = 4.2;
			};
			name = Debug;
		};
		A2703CCD1F0B6A4E00A2C280 /* Release */ = {
			isa = XCBuildConfiguration;
			baseConfigurationReference = 3DA6EECE855CCC0A77EF118A /* Pods-ADSB Radar.release.xcconfig */;
			buildSettings = {
				ASSETCATALOG_COMPILER_APPICON_NAME = AppIcon;
				CODE_SIGN_IDENTITY = "iPhone Developer";
				CODE_SIGN_STYLE = Automatic;
				DEVELOPMENT_TEAM = 4PQU2QH5JS;
				INFOPLIST_FILE = ADSB/Info.plist;
				IPHONEOS_DEPLOYMENT_TARGET = 11.0;
				LD_RUNPATH_SEARCH_PATHS = "$(inherited) @executable_path/Frameworks";
				PRODUCT_BUNDLE_IDENTIFIER = com.siphty.adsb.radar;
				PRODUCT_NAME = "$(TARGET_NAME)";
				PROVISIONING_PROFILE_SPECIFIER = "";
				SDKROOT = iphoneos;
				SWIFT_SWIFT3_OBJC_INFERENCE = On;
				SWIFT_VERSION = 4.2;
			};
			name = Release;
		};
		A2703CCF1F0B6A4E00A2C280 /* Debug */ = {
			isa = XCBuildConfiguration;
			baseConfigurationReference = AFDE8E902A8F867CE4721086 /* Pods-ADSB RadarTests.debug.xcconfig */;
			buildSettings = {
				ALWAYS_EMBED_SWIFT_STANDARD_LIBRARIES = "$(inherited)";
				BUNDLE_LOADER = "$(TEST_HOST)";
				CODE_SIGN_IDENTITY = "iPhone Developer";
				CODE_SIGN_STYLE = Automatic;
				DEVELOPMENT_TEAM = "";
				INFOPLIST_FILE = ADSBTests/Info.plist;
				LD_RUNPATH_SEARCH_PATHS = "$(inherited) @executable_path/Frameworks @loader_path/Frameworks";
				PRODUCT_BUNDLE_IDENTIFIER = www.siphty.com.ADSBTests;
				PRODUCT_NAME = "$(TARGET_NAME)";
				PROVISIONING_PROFILE_SPECIFIER = "";
				SWIFT_SWIFT3_OBJC_INFERENCE = On;
				SWIFT_VERSION = 4.0;
				TEST_HOST = "$(BUILT_PRODUCTS_DIR)/ADSB Radar.app/ADSB Radar";
			};
			name = Debug;
		};
		A2703CD01F0B6A4E00A2C280 /* Release */ = {
			isa = XCBuildConfiguration;
			baseConfigurationReference = 29F62AAF9E77F402382D2471 /* Pods-ADSB RadarTests.release.xcconfig */;
			buildSettings = {
				ALWAYS_EMBED_SWIFT_STANDARD_LIBRARIES = "$(inherited)";
				BUNDLE_LOADER = "$(TEST_HOST)";
				CODE_SIGN_IDENTITY = "iPhone Developer";
				CODE_SIGN_STYLE = Automatic;
				DEVELOPMENT_TEAM = "";
				INFOPLIST_FILE = ADSBTests/Info.plist;
				LD_RUNPATH_SEARCH_PATHS = "$(inherited) @executable_path/Frameworks @loader_path/Frameworks";
				PRODUCT_BUNDLE_IDENTIFIER = www.siphty.com.ADSBTests;
				PRODUCT_NAME = "$(TARGET_NAME)";
				PROVISIONING_PROFILE_SPECIFIER = "";
				SWIFT_SWIFT3_OBJC_INFERENCE = On;
				SWIFT_VERSION = 4.0;
				TEST_HOST = "$(BUILT_PRODUCTS_DIR)/ADSB Radar.app/ADSB Radar";
			};
			name = Release;
		};
		A2703CD21F0B6A4E00A2C280 /* Debug */ = {
			isa = XCBuildConfiguration;
			baseConfigurationReference = 845EC6DF40E87B71D9A9AD4A /* Pods-ADSB RadarUITests.debug.xcconfig */;
			buildSettings = {
				ALWAYS_EMBED_SWIFT_STANDARD_LIBRARIES = "$(inherited)";
				CODE_SIGN_IDENTITY = "iPhone Developer";
				CODE_SIGN_STYLE = Automatic;
				DEVELOPMENT_TEAM = "";
				INFOPLIST_FILE = ADSBUITests/Info.plist;
				LD_RUNPATH_SEARCH_PATHS = "$(inherited) @executable_path/Frameworks @loader_path/Frameworks";
				PRODUCT_BUNDLE_IDENTIFIER = www.siphty.com.ADSBUITests;
				PRODUCT_NAME = "$(TARGET_NAME)";
				PROVISIONING_PROFILE_SPECIFIER = "";
				SWIFT_SWIFT3_OBJC_INFERENCE = On;
				SWIFT_VERSION = 4.0;
				TEST_TARGET_NAME = ADSB;
			};
			name = Debug;
		};
		A2703CD31F0B6A4E00A2C280 /* Release */ = {
			isa = XCBuildConfiguration;
			baseConfigurationReference = 33C21DE9D584300F6A67CEAB /* Pods-ADSB RadarUITests.release.xcconfig */;
			buildSettings = {
				ALWAYS_EMBED_SWIFT_STANDARD_LIBRARIES = "$(inherited)";
				CODE_SIGN_IDENTITY = "iPhone Developer";
				CODE_SIGN_STYLE = Automatic;
				DEVELOPMENT_TEAM = "";
				INFOPLIST_FILE = ADSBUITests/Info.plist;
				LD_RUNPATH_SEARCH_PATHS = "$(inherited) @executable_path/Frameworks @loader_path/Frameworks";
				PRODUCT_BUNDLE_IDENTIFIER = www.siphty.com.ADSBUITests;
				PRODUCT_NAME = "$(TARGET_NAME)";
				PROVISIONING_PROFILE_SPECIFIER = "";
				SWIFT_SWIFT3_OBJC_INFERENCE = On;
				SWIFT_VERSION = 4.0;
				TEST_TARGET_NAME = ADSB;
			};
			name = Release;
		};
/* End XCBuildConfiguration section */

/* Begin XCConfigurationList section */
		A228459521DCA04B007FC7AC /* Build configuration list for PBXNativeTarget "ADSB RadarTests Array" */ = {
			isa = XCConfigurationList;
			buildConfigurations = (
				A228459621DCA04B007FC7AC /* Debug */,
				A228459721DCA04B007FC7AC /* Release */,
			);
			defaultConfigurationIsVisible = 0;
			defaultConfigurationName = Release;
		};
		A2703C9B1F0B6A4E00A2C280 /* Build configuration list for PBXProject "ADSB Radar" */ = {
			isa = XCConfigurationList;
			buildConfigurations = (
				A2703CC91F0B6A4E00A2C280 /* Debug */,
				A2703CCA1F0B6A4E00A2C280 /* Release */,
			);
			defaultConfigurationIsVisible = 0;
			defaultConfigurationName = Release;
		};
		A2703CCB1F0B6A4E00A2C280 /* Build configuration list for PBXNativeTarget "ADSB Radar" */ = {
			isa = XCConfigurationList;
			buildConfigurations = (
				A2703CCC1F0B6A4E00A2C280 /* Debug */,
				A2703CCD1F0B6A4E00A2C280 /* Release */,
			);
			defaultConfigurationIsVisible = 0;
			defaultConfigurationName = Release;
		};
		A2703CCE1F0B6A4E00A2C280 /* Build configuration list for PBXNativeTarget "ADSB RadarTests" */ = {
			isa = XCConfigurationList;
			buildConfigurations = (
				A2703CCF1F0B6A4E00A2C280 /* Debug */,
				A2703CD01F0B6A4E00A2C280 /* Release */,
			);
			defaultConfigurationIsVisible = 0;
			defaultConfigurationName = Release;
		};
		A2703CD11F0B6A4E00A2C280 /* Build configuration list for PBXNativeTarget "ADSB RadarUITests" */ = {
			isa = XCConfigurationList;
			buildConfigurations = (
				A2703CD21F0B6A4E00A2C280 /* Debug */,
				A2703CD31F0B6A4E00A2C280 /* Release */,
			);
			defaultConfigurationIsVisible = 0;
			defaultConfigurationName = Release;
		};
/* End XCConfigurationList section */

/* Begin XCVersionGroup section */
		A2D9EF381F24A6E000872689 /* airport.xcdatamodeld */ = {
			isa = XCVersionGroup;
			children = (
				A2D9EF391F24A6E000872689 /* airport.xcdatamodel */,
			);
			currentVersion = A2D9EF391F24A6E000872689 /* airport.xcdatamodel */;
			path = airport.xcdatamodeld;
			sourceTree = "<group>";
			versionGroupType = wrapper.xcdatamodel;
		};
/* End XCVersionGroup section */
	};
	rootObject = A2703C981F0B6A4E00A2C280 /* Project object */;
}
